connectrpc.com/connect v1.15.0 h1:lFdeCbZrVVDydAqwr4xGV2y+ULn+0Z73s5JBj2LikWo=
connectrpc.com/connect v1.15.0/go.mod h1:bQmjpDY8xItMnttnurVgOkHUBMRT9cpsNi2O4AjKhmA=
github.com/Masterminds/semver/v3 v3.2.1 h1:RN9w6+7QoMeJVGyfmbcgs28Br8cvmnucEXnY0rYXWg0=
github.com/Masterminds/semver/v3 v3.2.1/go.mod h1:qvl/7zhW3nngYb5+80sSMF+FG2BjYrf8m9wsX0PNOMQ=
github.com/MrAlias/otel-schema-utils v0.2.1-alpha h1:dSeMM04tO+EY1JLof0bL8rIDkaMV3yBiUFdcSeIfbqI=
github.com/MrAlias/otel-schema-utils v0.2.1-alpha/go.mod h1:i5gQR7dVLC4XxJuPITWxpWnjGRICZY50OMXXtrQTDeQ=
github.com/alecthomas/chroma v0.10.0 h1:7XDcGkCQopCNKjZHfYrNLraA+M7e0fMiJ/Mfikbfjek=
github.com/alecthomas/chroma v0.10.0/go.mod h1:jtJATyUxlIORhUOFNA9NZDWGAQ8wpxQQqNSB4rjA/1s=
github.com/alecthomas/kingpin/v2 v2.3.2 h1:H0aULhgmSzN8xQ3nX1uxtdlTHYoPLu5AhHxWrKI6ocU=
github.com/alecthomas/kingpin/v2 v2.3.2/go.mod h1:0gyi0zQnjuFk8xrkNKamJoyUo382HRL7ATRpFZCw6tE=
github.com/alecthomas/units v0.0.0-20211218093645-b94a6e3cc137 h1:s6gZFSlWYmbqAuRjVTiNNhvNRfY2Wxp9nhfyel4rklc=
github.com/alecthomas/units v0.0.0-20211218093645-b94a6e3cc137/go.mod h1:OMCwj8VM1Kc9e19TLln2VL61YJF0x1XFtfdL4JdbSyE=
github.com/atotto/clipboard v0.1.4 h1:EH0zSVneZPSuFR11BlR9YppQTVDbh5+16AmcJi4g1z4=
github.com/atotto/clipboard v0.1.4/go.mod h1:ZY9tmq7sm5xIbd9bOK4onWV4S6X0u6GY7Vn0Yu86PYI=
github.com/auth0/go-jwt-middleware/v2 v2.2.1 h1:pqxEIwlCztD0T9ZygGfOrw4NK/F9iotnCnPJVADKbkE=
github.com/auth0/go-jwt-middleware/v2 v2.2.1/go.mod h1:CSi0tuu0QrALbWdiQZwqFL8SbBhj4e2MJzkvNfjY0Us=
github.com/aws/aws-sdk-go v1.50.15 h1:wEMnPfEQQFaoIJwuO18zq/vtG4Ft7NxQ3r9xlEi/8zg=
github.com/aws/aws-sdk-go v1.50.15/go.mod h1:LF8svs817+Nz+DmiMQKTO3ubZ/6IaTpq3TjupRn3Eqk=
github.com/aws/aws-sdk-go-v2 v1.25.1 h1:P7hU6A5qEdmajGwvae/zDkOq+ULLC9tQBTwqqiwFGpI=
github.com/aws/aws-sdk-go-v2 v1.25.1/go.mod h1:Evoc5AsmtveRt1komDwIsjHFyrP5tDuF1D1U+6z6pNo=
github.com/aws/aws-sdk-go-v2/aws/protocol/eventstream v1.6.1 h1:gTK2uhtAPtFcdRRJilZPx8uJLL2J85xK11nKtWL0wfU=
github.com/aws/aws-sdk-go-v2/aws/protocol/eventstream v1.6.1/go.mod h1:sxpLb+nZk7tIfCWChfd+h4QwHNUR57d8hA1cleTkjJo=
github.com/aws/aws-sdk-go-v2/config v1.27.3 h1:0PRdb/q5a77HVYj+2rvPiCObfMfl/pWhwa5cs3cnl3c=
github.com/aws/aws-sdk-go-v2/config v1.27.3/go.mod h1:WeRAr9ENap9NAegbfNsLqGQd8ERz5ypdIUx4j0/ZgKI=
github.com/aws/aws-sdk-go-v2/credentials v1.17.3 h1:dDM5wrgwOL5gTZ0Gv/bvewPldjBcJywoaO5ClERrOGE=
github.com/aws/aws-sdk-go-v2/credentials v1.17.3/go.mod h1:G96Nuaw9qJS+s3OnK8RW8VEKEOjXi8H5Jk4lC/ZyZbw=
github.com/aws/aws-sdk-go-v2/feature/ec2/imds v1.15.1 h1:lk1ZZFbdb24qpOwVC1AwYNrswUjAxeyey6kFBVANudQ=
github.com/aws/aws-sdk-go-v2/feature/ec2/imds v1.15.1/go.mod h1:/xJ6x1NehNGCX4tvGzzj2bq5TBOT/Yxq+qbL9Jpx2Vk=
github.com/aws/aws-sdk-go-v2/internal/configsources v1.3.1 h1:evvi7FbTAoFxdP/mixmP7LIYzQWAmzBcwNB/es9XPNc=
github.com/aws/aws-sdk-go-v2/internal/configsources v1.3.1/go.mod h1:rH61DT6FDdikhPghymripNUCsf+uVF4Cnk4c4DBKH64=
github.com/aws/aws-sdk-go-v2/internal/endpoints/v2 v2.6.1 h1:RAnaIrbxPtlXNVI/OIlh1sidTQ3e1qM6LRjs7N0bE0I=
github.com/aws/aws-sdk-go-v2/internal/endpoints/v2 v2.6.1/go.mod h1:nbgAGkH5lk0RZRMh6A4K/oG6Xj11eC/1CyDow+DUAFI=
github.com/aws/aws-sdk-go-v2/internal/ini v1.8.0 h1:hT8rVHwugYE2lEfdFE0QWVo81lF7jMrYJVDWI+f+VxU=
github.com/aws/aws-sdk-go-v2/internal/ini v1.8.0/go.mod h1:8tu/lYfQfFe6IGnaOdrpVgEL2IrrDOf6/m9RQum4NkY=
github.com/aws/aws-sdk-go-v2/internal/v4a v1.3.1 h1:rtYJd3w6IWCTVS8vmMaiXjW198noh2PBm5CiXyJea9o=
github.com/aws/aws-sdk-go-v2/internal/v4a v1.3.1/go.mod h1:zvXu+CTlib30LUy4LTNFc6HTZ/K6zCae5YIHTdX9wIo=
github.com/aws/aws-sdk-go-v2/service/autoscaling v1.40.0 h1:3J4yd6QKkky33TsVdg8E+CtrGXuJykkmtexVVddCbnE=
github.com/aws/aws-sdk-go-v2/service/autoscaling v1.40.0/go.mod h1:PuMdHiHJO2opf7qS8EGVCX2wKtC0zNB6TGxP2PQEjNk=
github.com/aws/aws-sdk-go-v2/service/cloudfront v1.35.0 h1:uOnKCqN08dGLVgo1s9HkClk+x8EjGO2F/k8vo8F94H4=
github.com/aws/aws-sdk-go-v2/service/cloudfront v1.35.0/go.mod h1:AP6K53k+LOhRKXUNSpGE8NKqYuo0firmy5VxvSUA5NI=
github.com/aws/aws-sdk-go-v2/service/cloudwatch v1.36.0 h1:UiL5Ye6lCCOItI511dNFJh5zP2X40fPOns6LouaV+7Y=
github.com/aws/aws-sdk-go-v2/service/cloudwatch v1.36.0/go.mod h1:72ZIKWxrPIXI+2HbO50zVNlf5EWFJfcxCUm+CNw3Vu0=
github.com/aws/aws-sdk-go-v2/service/directconnect v1.24.0 h1:nWNRK0WIP5kYQgcFk36h9fKZFVwUXsS1g2qf1Zy6vYE=
github.com/aws/aws-sdk-go-v2/service/directconnect v1.24.0/go.mod h1:2krWl7mX7aGGgMSFkHdJVcn8tt3WZ4FLtWG0rbJRmW0=
github.com/aws/aws-sdk-go-v2/service/dynamodb v1.30.0 h1:rZ2DPklkMHMFGUe1GbtfBJjPa+1M6JUemDntzgQaA7Y=
github.com/aws/aws-sdk-go-v2/service/dynamodb v1.30.0/go.mod h1:H6ktm/kjq2KtbGwnVFMAyOkOwcFfoD0P+SpneVqaa5o=
github.com/aws/aws-sdk-go-v2/service/ec2 v1.149.0 h1:uMw4dz7s741WxewdyxOV7n8Rgajf6Azy+tx0VoJRm6k=
github.com/aws/aws-sdk-go-v2/service/ec2 v1.149.0/go.mod h1:7MUTgVVnC1GAxx4SNQqzQalrm1n4v1HYa/R/LEB3CKo=
github.com/aws/aws-sdk-go-v2/service/ecs v1.41.0 h1:egUlYUhcL4zlooph2/32iG9Dpn02No8jhDyuZnFUGa4=
github.com/aws/aws-sdk-go-v2/service/ecs v1.41.0/go.mod h1:n+f+SkqQku/MS0qGvdM1NZR19waJGib/giugn42uHt0=
github.com/aws/aws-sdk-go-v2/service/efs v1.28.0 h1:rYGtiiPAAajBlOrgOftYJBcs586n9P6ceRrj04oM7tA=
github.com/aws/aws-sdk-go-v2/service/efs v1.28.0/go.mod h1:IfS8DFczmdfkSew41MZkycj9b84ZVRf7Bhx4SDebVIs=
github.com/aws/aws-sdk-go-v2/service/eks v1.40.0 h1:5juNqJl4h8dtlD13TdRobxKdSTVkz2XYk8gmJv3tUGs=
github.com/aws/aws-sdk-go-v2/service/eks v1.40.0/go.mod h1:gzXWmY937TLpT2GJbYBfgb664o/GlwkNNWQ6RGPFyeQ=
github.com/aws/aws-sdk-go-v2/service/elasticloadbalancing v1.24.0 h1:55OLwyc6YQL9D61iK2UT3uvO2zAHYW1L6PyMOuavq/g=
github.com/aws/aws-sdk-go-v2/service/elasticloadbalancing v1.24.0/go.mod h1:3PJ6pzBYxT+MV1IMB3ZkqS7zoF87hwmaL9UPH+83B98=
github.com/aws/aws-sdk-go-v2/service/elasticloadbalancingv2 v1.30.0 h1:oZw6t5KJaIoz9KrYLsxB0OifIYV87eX1pdZB16xznO8=
github.com/aws/aws-sdk-go-v2/service/elasticloadbalancingv2 v1.30.0/go.mod h1:Dj2PCO3btmFT93DNSrnCwokT3BqAUSXs0JpMUx5MO/E=
github.com/aws/aws-sdk-go-v2/service/iam v1.31.0 h1:fm/1QEydjes8ge1ab58/Ffdv/rI9uwidEYNHTHs5Qpc=
github.com/aws/aws-sdk-go-v2/service/iam v1.31.0/go.mod h1:ez+2dd+lsGYOg/rvCFauUnhdCtyOS+ARj2deYCGETkY=
github.com/aws/aws-sdk-go-v2/service/internal/accept-encoding v1.11.1 h1:EyBZibRTVAs6ECHZOw5/wlylS9OcTzwyjeQMudmREjE=
github.com/aws/aws-sdk-go-v2/service/internal/accept-encoding v1.11.1/go.mod h1:JKpmtYhhPs7D97NL/ltqz7yCkERFW5dOlHyVl66ZYF8=
github.com/aws/aws-sdk-go-v2/service/internal/checksum v1.3.1 h1:5Wxh862HkXL9CbQ83BIkWKLIgQapGeuh5zG2G9OZtQk=
github.com/aws/aws-sdk-go-v2/service/internal/checksum v1.3.1/go.mod h1:V7GLA01pNUxMCYSQsibdVrqUrNIYIT/9lCOyR8ExNvQ=
github.com/aws/aws-sdk-go-v2/service/internal/endpoint-discovery v1.9.1 h1:QEot4yoGf6KGY2hAJe7IIP5x51pyRv4cs/x/aKcXMck=
github.com/aws/aws-sdk-go-v2/service/internal/endpoint-discovery v1.9.1/go.mod h1:FVivjmCWEidMuFguqtnXZGoJK/MN+EtoCSEZMEcpGhc=
github.com/aws/aws-sdk-go-v2/service/internal/presigned-url v1.11.1 h1:cVP8mng1RjDyI3JN/AXFCn5FHNlsBaBH0/MBtG1bg0o=
github.com/aws/aws-sdk-go-v2/service/internal/presigned-url v1.11.1/go.mod h1:C8sQjoyAsdfjC7hpy4+S6B92hnFzx0d0UAyHicaOTIE=
github.com/aws/aws-sdk-go-v2/service/internal/s3shared v1.17.1 h1:OYmmIcyw19f7x0qLBLQ3XsrCZSSyLhxd9GXng5evsN4=
github.com/aws/aws-sdk-go-v2/service/internal/s3shared v1.17.1/go.mod h1:s5rqdn74Vdg10k61Pwf4ZHEApOSD6CKRe6qpeHDq32I=
github.com/aws/aws-sdk-go-v2/service/lambda v1.53.0 h1:EPsyL8kIjSQnShTQXZIWYTPVWSgWpG7ZtQRoJuqqf6Y=
github.com/aws/aws-sdk-go-v2/service/lambda v1.53.0/go.mod h1:4eq2dibHpzftx3fHVaHLjw7ab/DlUM2GddPb0Vxg7+8=
github.com/aws/aws-sdk-go-v2/service/networkfirewall v1.38.0 h1:6etY7WF0D3R6CIBW2w9InXLoqcREtueMX87ZcsOMHwo=
github.com/aws/aws-sdk-go-v2/service/networkfirewall v1.38.0/go.mod h1:WCxKTMr5kfKE71JtCB5lIhz9G56jxhMbTB1d+wTdlV4=
github.com/aws/aws-sdk-go-v2/service/rds v1.72.0 h1:ZEJp9Gh+g3rX/K7FEpoXaFoY+ga7Fxp92w2bHNGgihY=
github.com/aws/aws-sdk-go-v2/service/rds v1.72.0/go.mod h1:DSeprnsj3WlGLGUZOSNopiS9vAJ8O3mELgOk6xdYxHI=
github.com/aws/aws-sdk-go-v2/service/route53 v1.40.0 h1:MRriK+ntpKpUc8RwcYJbc5W/eLfRV8MGFTYEcZe/QbU=
github.com/aws/aws-sdk-go-v2/service/route53 v1.40.0/go.mod h1:n6oZO1BbhPw2X46ObAjn8ol00kujRT+Y+Q9AnbrRUe0=
github.com/aws/aws-sdk-go-v2/service/s3 v1.51.0 h1:rNVsCe3bqTAhG+qjnHJKgYKdHEsqqo/GMK3gEYY8W6g=
github.com/aws/aws-sdk-go-v2/service/s3 v1.51.0/go.mod h1:lTW7O4iMAnO2o7H3XJTvqaWFZCH6zIPs+eP7RdG/yp0=
github.com/aws/aws-sdk-go-v2/service/sqs v1.31.0 h1:QpCpvy+60VQ8BeIoQRwNA+sUGQr7fZxgF7B151RVMxw=
github.com/aws/aws-sdk-go-v2/service/sqs v1.31.0/go.mod h1:WBcfcQFNtBlD+ACJ0hpIxB6tPkee5RKXndXaVQ0WyhQ=
github.com/aws/aws-sdk-go-v2/service/sso v1.20.0 h1:6YL8G91QZ52KlPrLkEgEez5kejIVwChVCgND3qgY5j0=
github.com/aws/aws-sdk-go-v2/service/sso v1.20.0/go.mod h1:x6/tCd1o/AOKQR+iYnjrzhJxD+w0xRN34asGPaSV7ew=
github.com/aws/aws-sdk-go-v2/service/ssooidc v1.23.0 h1:+DqIa5Ll7W311QLUvGFDdVit9uC4G0VioDdw08cXcow=
github.com/aws/aws-sdk-go-v2/service/ssooidc v1.23.0/go.mod h1:lZB123q0SVQ3dfIbEOcGzhQHrwVBcHVReNS9tm20oU4=
github.com/aws/aws-sdk-go-v2/service/sts v1.28.0 h1:F7tQr61zYnTaeY50Rn4jwfVQbtcqJuBRwN/nGGNwzb0=
github.com/aws/aws-sdk-go-v2/service/sts v1.28.0/go.mod h1:ozhhG9/NB5c9jcmhGq6tX9dpp21LYdmRWRQVppASim4=
github.com/aws/smithy-go v1.20.1 h1:4SZlSlMr36UEqC7XOyRVb27XMeZubNcBNN+9IgEPIQw=
github.com/aws/smithy-go v1.20.1/go.mod h1:krry+ya/rV9RDcV/Q16kpu6ypI4K2czasz0NC3qS14E=
github.com/aymanbagabas/go-osc52 v1.0.3/go.mod h1:zT8H+Rk4VSabYN90pWyugflM3ZhpTZNC7cASDfUCdT4=
github.com/aymanbagabas/go-osc52/v2 v2.0.1 h1:HwpRHbFMcZLEVr42D4p7XBqjyuxQH5SMiErDT4WkJ2k=
github.com/aymanbagabas/go-osc52/v2 v2.0.1/go.mod h1:uYgXzlJ7ZpABp8OJ+exZzJJhRNQ2ASbcXHWsFqH8hp8=
github.com/aymerick/douceur v0.2.0 h1:Mv+mAeH1Q+n9Fr+oyamOlAkUNPWPlA8PPGR0QAaYuPk=
github.com/aymerick/douceur v0.2.0/go.mod h1:wlT5vV2O3h55X9m7iVYN0TBM0NH/MmbLnd30/FjWUq4=
github.com/catppuccin/go v0.2.0 h1:ktBeIrIP42b/8FGiScP9sgrWOss3lw0Z5SktRoithGA=
github.com/catppuccin/go v0.2.0/go.mod h1:8IHJuMGaUUjQM82qBrGNBv7LFq6JI3NnQCF6MOlZjpc=
github.com/cenkalti/backoff/v4 v4.2.1 h1:y4OZtCnogmCPw98Zjyt5a6+QwPLGkiQsYW5oUqylYbM=
github.com/cenkalti/backoff/v4 v4.2.1/go.mod h1:Y3VNntkOUPxTVeUxJ/G5vcM//AlwfmyYozVcomhLiZE=
github.com/charmbracelet/bubbles v0.17.2-0.20240108170749-ec883029c8e6 h1:6nVCV8pqGaeyxetur3gpX3AAaiyKgzjIoCPV3NXKZBE=
github.com/charmbracelet/bubbles v0.17.2-0.20240108170749-ec883029c8e6/go.mod h1:9HxZWlkCqz2PRwsCbYl7a3KXvGzFaDHpYbSYMJ+nE3o=
github.com/charmbracelet/bubbletea v0.25.0 h1:bAfwk7jRz7FKFl9RzlIULPkStffg5k6pNt5dywy4TcM=
github.com/charmbracelet/bubbletea v0.25.0/go.mod h1:EN3QDR1T5ZdWmdfDzYcqOCAps45+QIJbLOBxmVNWNNg=
github.com/charmbracelet/glamour v0.6.0 h1:wi8fse3Y7nfcabbbDuwolqTqMQPMnVPeZhDM273bISc=
github.com/charmbracelet/glamour v0.6.0/go.mod h1:taqWV4swIMMbWALc0m7AfE9JkPSU8om2538k9ITBxOc=
github.com/charmbracelet/huh v0.3.0 h1:CxPplWkgW2yUTDDG0Z4S5HH8SJOosWHd4LxCvi0XsKE=
github.com/charmbracelet/huh v0.3.0/go.mod h1:fujUdKX8tC45CCSaRQdw789O6uaCRwx8l2NDyKfC4jA=
github.com/charmbracelet/huh/spinner v0.0.0-20240209193029-45947515c4cf h1:hzfl5rHblaVR/8zfAoCBuqsTcEp/Zvy1IVZBIebZelM=
github.com/charmbracelet/huh/spinner v0.0.0-20240209193029-45947515c4cf/go.mod h1:2l0nupcBRhdSZQqIiaV2hKwctrYbBbOr9Dn6Smox3f4=
github.com/charmbracelet/lipgloss v0.9.1 h1:PNyd3jvaJbg4jRHKWXnCj1akQm4rh8dbEzN1p/u1KWg=
github.com/charmbracelet/lipgloss v0.9.1/go.mod h1:1mPmG4cxScwUQALAAnacHaigiiHB9Pmr+v1VEawJl6I=
github.com/containerd/console v1.0.4-0.20230313162750-1ae8d489ac81 h1:q2hJAaP1k2wIvVRd/hEHD7lacgqrCPS+k8g1MndzfWY=
github.com/containerd/console v1.0.4-0.20230313162750-1ae8d489ac81/go.mod h1:YynlIjWYF8myEu6sdkwKIvGQq+cOckRm6So2avqoYAk=
github.com/cpuguy83/go-md2man/v2 v2.0.3/go.mod h1:tgQtvFlXSQOSOSIRvRPT7W67SCa46tRHOmNcaadrF8o=
github.com/davecgh/go-spew v1.1.0/go.mod h1:J7Y8YcW2NihsgmVo/mv3lAwl/skON4iLHjSsI+c5H38=
github.com/davecgh/go-spew v1.1.1/go.mod h1:J7Y8YcW2NihsgmVo/mv3lAwl/skON4iLHjSsI+c5H38=
github.com/davecgh/go-spew v1.1.2-0.20180830191138-d8f796af33cc h1:U9qPSI2PIWSS1VwoXQT9A3Wy9MM3WgvqSxFWenqJduM=
github.com/davecgh/go-spew v1.1.2-0.20180830191138-d8f796af33cc/go.mod h1:J7Y8YcW2NihsgmVo/mv3lAwl/skON4iLHjSsI+c5H38=
github.com/dlclark/regexp2 v1.4.0 h1:F1rxgk7p4uKjwIQxBs9oAXe5CqrXlCduYEJvrF4u93E=
github.com/dlclark/regexp2 v1.4.0/go.mod h1:2pZnwuY/m+8K6iRw6wQdMtk+rH5tNGR1i55kozfMjCc=
github.com/felixge/httpsnoop v1.0.4 h1:NFTV2Zj1bL4mc9sqWACXbQFVBBg2W3GPvqp8/ESS2Wg=
github.com/felixge/httpsnoop v1.0.4/go.mod h1:m8KPJKqk1gH5J9DgRY2ASl2lWCfGKXixSwevea8zH2U=
github.com/frankban/quicktest v1.14.6 h1:7Xjx+VpznH+oBnejlPUj8oUpdxnVs4f8XU8WnHkI4W8=
github.com/frankban/quicktest v1.14.6/go.mod h1:4ptaffx2x8+WTWXmUCuVU6aPUX1/Mz7zb5vbUoiM6w0=
github.com/fsnotify/fsnotify v1.7.0 h1:8JEhPFa5W2WU7YfeZzPNqzMP6Lwt7L2715Ggo0nosvA=
github.com/fsnotify/fsnotify v1.7.0/go.mod h1:40Bi/Hjc2AVfZrqy+aj+yEI+/bRxZnMJyTJwOpGvigM=
github.com/getsentry/sentry-go v0.27.0 h1:Pv98CIbtB3LkMWmXi4Joa5OOcwbmnX88sF5qbK3r3Ps=
github.com/getsentry/sentry-go v0.27.0/go.mod h1:lc76E2QywIyW8WuBnwl8Lc4bkmQH4+w1gwTf25trprY=
github.com/go-errors/errors v1.4.2 h1:J6MZopCL4uSllY1OfXM374weqZFFItUbrImctkmUxIA=
github.com/go-errors/errors v1.4.2/go.mod h1:sIVyrIiJhuEF+Pj9Ebtd6P/rEYROXFi3BopGUQ5a5Og=
github.com/go-jose/go-jose/v3 v3.0.1 h1:pWmKFVtt+Jl0vBZTIpz/eAKwsm6LkIxDVVbFHKkchhA=
github.com/go-jose/go-jose/v3 v3.0.1/go.mod h1:RNkWWRld676jZEYoV3+XK8L2ZnNSvIsxFMht0mSX+u8=
github.com/go-logr/logr v1.2.2/go.mod h1:jdQByPbusPIv2/zmleS9BjJVeZ6kBagPoEUsqbVz/1A=
github.com/go-logr/logr v1.4.1 h1:pKouT5E8xu9zeFC39JXRDukb6JFQPXM5p5I91188VAQ=
github.com/go-logr/logr v1.4.1/go.mod h1:9T104GzyrTigFIr8wt5mBrctHMim0Nb2HLGrmQ40KvY=
github.com/go-logr/stdr v1.2.2 h1:hSWxHoqTgW2S2qGc0LTAI563KZ5YKYRhT3MFKZMbjag=
github.com/go-logr/stdr v1.2.2/go.mod h1:mMo/vtBO5dYbehREoey6XUKy/eSumjCCveDpRre4VKE=
github.com/golang/protobuf v1.5.0/go.mod h1:FsONVRAS9T7sI+LIUmWTfcYkHO4aIWwzhcaSAoJOfIk=
github.com/golang/protobuf v1.5.2/go.mod h1:XVQd3VNwM+JqD3oG2Ue2ip4fOMUkwXdXDdiuN0vRsmY=
github.com/golang/protobuf v1.5.3 h1:KhyjKVUg7Usr/dYsdSqoFveMYd5ko72D+zANwlG1mmg=
github.com/golang/protobuf v1.5.3/go.mod h1:XVQd3VNwM+JqD3oG2Ue2ip4fOMUkwXdXDdiuN0vRsmY=
github.com/google/btree v1.1.2 h1:xf4v41cLI2Z6FxbKm+8Bu+m8ifhj15JuZ9sa0jZCMUU=
github.com/google/btree v1.1.2/go.mod h1:qOPhT0dTNdNzV6Z/lhRX0YXUafgPLFUh+gZMl761Gm4=
github.com/google/go-cmp v0.5.0/go.mod h1:v8dTdLbMG2kIc/vJvl+f65V22dbkXbowE6jgT/gNBxE=
github.com/google/go-cmp v0.5.5/go.mod h1:v8dTdLbMG2kIc/vJvl+f65V22dbkXbowE6jgT/gNBxE=
github.com/google/go-cmp v0.6.0 h1:ofyhxvXcZhMsU5ulbFiLKl/XBFqE1GSq7atu8tAmTRI=
github.com/google/go-cmp v0.6.0/go.mod h1:17dUlkBOakJ0+DkrSSNjCkIjxS6bF9zb3elmeNGIjoY=
github.com/google/uuid v1.6.0 h1:NIvaJDMOsjHA8n1jAhLSgzrAzy1Hgr+hNrb57e+94F0=
github.com/google/uuid v1.6.0/go.mod h1:TIyPZe4MgqvfeYDBFedMoGGpEw/LqOeaOT+nhxU+yHo=
github.com/goombaio/namegenerator v0.0.0-20181006234301-989e774b106e h1:XmA6L9IPRdUr28a+SK/oMchGgQy159wvzXA5tJ7l+40=
github.com/goombaio/namegenerator v0.0.0-20181006234301-989e774b106e/go.mod h1:AFIo+02s+12CEg8Gzz9kzhCbmbq6JcKNrhHffCGA9z4=
github.com/gorilla/css v1.0.0 h1:BQqNyPTi50JCFMTw/b67hByjMVXZRwGha6wxVGkeihY=
github.com/gorilla/css v1.0.0/go.mod h1:Dn721qIggHpt4+EFCcTLTU/vk5ySda2ReITrtgBl60c=
github.com/grpc-ecosystem/grpc-gateway/v2 v2.19.0 h1:Wqo399gCIufwto+VfwCSvsnfGpF/w5E9CNxSwbpD6No=
github.com/grpc-ecosystem/grpc-gateway/v2 v2.19.0/go.mod h1:qmOFXW2epJhM0qSnUUYpldc7gVz2KMQwJ/QYCDIa7XU=
github.com/hashicorp/hcl v1.0.0 h1:0Anlzjpi4vEasTeNFn2mLJgTSwt0+6sfsiTG8qcWGx4=
github.com/hashicorp/hcl v1.0.0/go.mod h1:E5yfLk+7swimpb2L/Alb/PJmXilQ/rhwaUYs4T20WEQ=
github.com/hexops/gotextdiff v1.0.3 h1:gitA9+qJrrTCsiCl7+kh75nPqQt1cx4ZkudSTLoUqJM=
github.com/hexops/gotextdiff v1.0.3/go.mod h1:pSWU5MAI3yDq+fZBTazCSJysOMbxWL1BSow5/V2vxeg=
github.com/iancoleman/strcase v0.2.0 h1:05I4QRnGpI0m37iZQRuskXh+w77mr6Z41lwQzuHLwW0=
github.com/iancoleman/strcase v0.2.0/go.mod h1:iwCmte+B7n89clKwxIoIXy/HfoL7AsD47ZCWhYzw7ho=
github.com/inconshreveable/mousetrap v1.1.0 h1:wN+x4NVGpMsO7ErUn/mUI3vEoE6Jt13X2s0bqwp9tc8=
github.com/inconshreveable/mousetrap v1.1.0/go.mod h1:vpF70FUmC8bwa3OWnCshd2FqLfsEA9PFc4w1p2J65bw=
github.com/jarcoal/httpmock v1.3.0 h1:2RJ8GP0IIaWwcC9Fp2BmVi8Kog3v2Hn7VXM3fTd+nuc=
github.com/jarcoal/httpmock v1.3.0/go.mod h1:3yb8rc4BI7TCBhFY8ng0gjuLKJNquuDNiPaZjnENuYg=
github.com/jedib0t/go-pretty/v6 v6.5.4 h1:gOGo0613MoqUcf0xCj+h/V3sHDaZasfv152G6/5l91s=
github.com/jedib0t/go-pretty/v6 v6.5.4/go.mod h1:5LQIxa52oJ/DlDSLv0HEkWOFMDGoWkJb9ss5KqPpJBg=
github.com/jmespath/go-jmespath v0.4.0 h1:BEgLn5cpjn8UN1mAw4NjwDrS35OdebyEtFe+9YPoQUg=
github.com/jmespath/go-jmespath v0.4.0/go.mod h1:T8mJZnbsbmF+m6zOOFylbeCJqk5+pHWvzYPziyZiYoo=
github.com/jmespath/go-jmespath/internal/testify v1.5.1 h1:shLQSRRSCCPj3f2gpwzGwWFoC7ycTf1rcQZHOlsJ6N8=
github.com/jmespath/go-jmespath/internal/testify v1.5.1/go.mod h1:L3OGu8Wl2/fWfCI6z80xFu9LTZmf1ZRjMHUOPmWr69U=
github.com/klauspost/compress v1.17.5 h1:d4vBd+7CHydUqpFBgUEKkSdtSugf9YFmSkvUYPquI5E=
github.com/klauspost/compress v1.17.5/go.mod h1:/dCuZOvVtNoHsyb+cuJD3itjs3NbnF6KH9zAO4BDxPM=
github.com/kr/pretty v0.3.1 h1:flRD4NNwYAUpkphVc1HcthR4KEIFJ65n8Mw5qdRn3LE=
github.com/kr/pretty v0.3.1/go.mod h1:hoEshYVHaxMs3cyo3Yncou5ZscifuDolrwPKZanG3xk=
github.com/kr/text v0.2.0 h1:5Nx0Ya0ZqY2ygV366QzturHI13Jq95ApcVaJBhpS+AY=
github.com/kr/text v0.2.0/go.mod h1:eLer722TekiGuMkidMxC/pM04lWEeraHUUmBw8l2grE=
github.com/lucasb-eyer/go-colorful v1.2.0 h1:1nnpGOrhyZZuNyfu1QjKiUICQ74+3FNCN69Aj6K7nkY=
github.com/lucasb-eyer/go-colorful v1.2.0/go.mod h1:R4dSotOR9KMtayYi1e77YzuveK+i7ruzyGqttikkLy0=
github.com/magiconair/properties v1.8.7 h1:IeQXZAiQcpL9mgcAe1Nu6cX9LLw6ExEHKjN0VQdvPDY=
github.com/magiconair/properties v1.8.7/go.mod h1:Dhd985XPs7jluiymwWYZ0G4Z61jb3vdS329zhj2hYo0=
github.com/mattn/go-isatty v0.0.16/go.mod h1:kYGgaQfpe5nmfYZH+SKPsOc2e4SrIfOl2e/yFXSvRLM=
github.com/mattn/go-isatty v0.0.20 h1:xfD0iDuEKnDkl03q4limB+vH+GxLEtL/jb4xVJSWWEY=
github.com/mattn/go-isatty v0.0.20/go.mod h1:W+V8PltTTMOvKvAeJH7IuucS94S2C6jfK/D7dTCTo3Y=
github.com/mattn/go-localereader v0.0.1 h1:ygSAOl7ZXTx4RdPYinUpg6W99U8jWvWi9Ye2JC/oIi4=
github.com/mattn/go-localereader v0.0.1/go.mod h1:8fBrzywKY7BI3czFoHkuzRoWE9C+EiG4R1k4Cjx5p88=
github.com/mattn/go-runewidth v0.0.9/go.mod h1:H031xJmbD/WCDINGzjvQ9THkh0rPKHF+m2gUSrubnMI=
github.com/mattn/go-runewidth v0.0.12/go.mod h1:RAqKPSqVFrSLVXbA8x7dzmKdmGzieGRCM46jaSJTDAk=
github.com/mattn/go-runewidth v0.0.14/go.mod h1:Jdepj2loyihRzMpdS35Xk/zdY8IAYHsh153qUoGf23w=
github.com/mattn/go-runewidth v0.0.15 h1:UNAjwbU9l54TA3KzvqLGxwWjHmMgBUVhBiTjelZgg3U=
github.com/mattn/go-runewidth v0.0.15/go.mod h1:Jdepj2loyihRzMpdS35Xk/zdY8IAYHsh153qUoGf23w=
github.com/microcosm-cc/bluemonday v1.0.21/go.mod h1:ytNkv4RrDrLJ2pqlsSI46O6IVXmZOBBD4SaJyDwwTkM=
github.com/microcosm-cc/bluemonday v1.0.23 h1:SMZe2IGa0NuHvnVNAZ+6B38gsTbi5e4sViiWJyDDqFY=
github.com/microcosm-cc/bluemonday v1.0.23/go.mod h1:mN70sk7UkkF8TUr2IGBpNN0jAgStuPzlK76QuruE/z4=
github.com/miekg/dns v1.1.58 h1:ca2Hdkz+cDg/7eNF6V56jjzuZ4aCAE+DbVkILdQWG/4=
github.com/miekg/dns v1.1.58/go.mod h1:Ypv+3b/KadlvW9vJfXOTf300O4UqaHFzFCuHz+rPkBY=
github.com/minio/highwayhash v1.0.2 h1:Aak5U0nElisjDCfPSG79Tgzkn2gl66NxOMspRrKnA/g=
github.com/minio/highwayhash v1.0.2/go.mod h1:BQskDq+xkJ12lmlUUi7U0M5Swg3EWR+dLTk+kldvVxY=
github.com/mitchellh/go-homedir v1.1.0 h1:lukF9ziXFxDFPkA1vsr5zpc1XuPDn/wFntq5mG+4E0Y=
github.com/mitchellh/go-homedir v1.1.0/go.mod h1:SfyaCUpYCn1Vlf4IUYiD9fPX4A5wJrkLzIz1N1q0pr0=
github.com/mitchellh/mapstructure v1.5.0 h1:jeMsZIYE/09sWLaz43PL7Gy6RuMjD2eJVyuac5Z2hdY=
github.com/mitchellh/mapstructure v1.5.0/go.mod h1:bFUtVrKA4DC2yAKiSyO/QUcy7e+RRV2QTWOzhPopBRo=
github.com/muesli/ansi v0.0.0-20230316100256-276c6243b2f6 h1:ZK8zHtRHOkbHy6Mmr5D264iyp3TiX5OmNcI5cIARiQI=
github.com/muesli/ansi v0.0.0-20230316100256-276c6243b2f6/go.mod h1:CJlz5H+gyd6CUWT45Oy4q24RdLyn7Md9Vj2/ldJBSIo=
github.com/muesli/cancelreader v0.2.2 h1:3I4Kt4BQjOR54NavqnDogx/MIoWBFa0StPA8ELUXHmA=
github.com/muesli/cancelreader v0.2.2/go.mod h1:3XuTXfFS2VjM+HTLZY9Ak0l6eUKfijIfMUZ4EgX0QYo=
github.com/muesli/reflow v0.3.0 h1:IFsN6K9NfGtjeggFP+68I4chLZV2yIKsXJFNZ+eWh6s=
github.com/muesli/reflow v0.3.0/go.mod h1:pbwTDkVPibjO2kyvBQRBxTWEEGDGq0FlB1BIKtnHY/8=
github.com/muesli/termenv v0.13.0/go.mod h1:sP1+uffeLaEYpyOTb8pLCUctGcGLnoFjSn4YJK5e2bc=
github.com/muesli/termenv v0.15.2 h1:GohcuySI0QmI3wN8Ok9PtKGkgkFIk7y6Vpb5PvrY+Wo=
github.com/muesli/termenv v0.15.2/go.mod h1:Epx+iuz8sNs7mNKhxzH4fWXGNpZwUaJKRS1noLXviQ8=
github.com/nats-io/jwt/v2 v2.5.5 h1:ROfXb50elFq5c9+1ztaUbdlrArNFl2+fQWP6B8HGEq4=
github.com/nats-io/jwt/v2 v2.5.5/go.mod h1:ZdWS1nZa6WMZfFwwgpEaqBV8EPGVgOTDHN/wTbz0Y5A=
github.com/nats-io/nats-server/v2 v2.10.10 h1:g1Wd64J5SGsoqWSx1qoNu9/At7a2x+jE7Qtf2XpEx/I=
github.com/nats-io/nats-server/v2 v2.10.10/go.mod h1:/TE61Dos8NlwZnjzyE3ZlOnM6dgl7tf937dnf4VclrA=
github.com/nats-io/nats.go v1.32.0 h1:Bx9BZS+aXYlxW08k8Gd3yR2s73pV5XSoAQUyp1Kwvp0=
github.com/nats-io/nats.go v1.32.0/go.mod h1:Ubdu4Nh9exXdSz0RVWRFBbRfrbSxOYd26oF0wkWclB8=
github.com/nats-io/nkeys v0.4.7 h1:RwNJbbIdYCoClSDNY7QVKZlyb/wfT6ugvFCiKy6vDvI=
github.com/nats-io/nkeys v0.4.7/go.mod h1:kqXRgRDPlGy7nGaEDMuYzmiJCIAAWDK0IMBtDmGD0nc=
github.com/nats-io/nuid v1.0.1 h1:5iA8DT8V7q8WK2EScv2padNa/rTESc1KdnPw4TC2paw=
github.com/nats-io/nuid v1.0.1/go.mod h1:19wcPz3Ph3q0Jbyiqsd0kePYG7A95tJPxeL+1OSON2c=
github.com/olekukonko/tablewriter v0.0.5 h1:P2Ga83D34wi1o9J6Wh1mRuqd4mF/x/lgBS7N7AbDhec=
github.com/olekukonko/tablewriter v0.0.5/go.mod h1:hPp6KlRPjbx+hW8ykQs1w3UBbZlj6HuIJcUGPhkA7kY=
github.com/openrdap/rdap v0.9.2-0.20240219192926-2210b535d40b h1:sM/kMuT+cm9hsSaZGVkGgwKHpQN3Et5/DF9zX/02X6w=
github.com/openrdap/rdap v0.9.2-0.20240219192926-2210b535d40b/go.mod h1:391Ww1JbjG4FHOlvQqCd6n25CCCPE64JzC5cCYPxhyM=
github.com/overmindtech/api-client v0.14.0 h1:zXyjJsIeawNqoWv7FqOjwcqgFpLrDYz7l9MWqh1G9ZQ=
github.com/overmindtech/api-client v0.14.0/go.mod h1:msdkTAQFlvDGOU4tQk2adk2P8j23uaMWkJ9YRX4wGWI=
github.com/overmindtech/aws-source v0.0.0-20240228174133-d45f6f687ef8 h1:wali9PO5lsWW+pnBT3UwbPyicLalFqBUPM3oC7hI2WI=
github.com/overmindtech/aws-source v0.0.0-20240228174133-d45f6f687ef8/go.mod h1:FUsP813VAeleGwWzoRTC64tims9FlRZ/+52Ifit3AF4=
github.com/overmindtech/discovery v0.26.3 h1:FLXfyCq36XaD6mF6D9OriHnFqwidLQq5WnTxaJpgg/c=
github.com/overmindtech/discovery v0.26.3/go.mod h1:k0E4UtBa8Fvv1LbQ6zb/w3IZZh8KY85HS3V6vS6Ab0Y=
github.com/overmindtech/sdp-go v0.66.2 h1:NUW1lvx9uJekjRsgFgJdKUBOD1Jy2Ahbe+JRl84mgHQ=
github.com/overmindtech/sdp-go v0.66.2/go.mod h1:p8+DRx17Og086v9NeACpoFO4vbpThozyROzECPIxFSY=
github.com/overmindtech/sdpcache v1.6.3 h1:Uf6xrh6cKdDInvTnIVBtfdb7rujrAVtZW4ySK0VYtbU=
github.com/overmindtech/sdpcache v1.6.3/go.mod h1:bH+Yo40dS6u5DUW2mlcaepWS/4q0sguZ92IOPgAMp9U=
github.com/overmindtech/stdlib-source v0.0.0-20240228111344-75ee76fc53e7 h1:tl/DLU0wFMQSrhf+R+J5SxIwc/+yyeZNOhU1fvB6h50=
github.com/overmindtech/stdlib-source v0.0.0-20240228111344-75ee76fc53e7/go.mod h1:ce4yxC6XffHnxXrudpgC47+1kfidGMKD8IYChtu3R6Q=
github.com/pelletier/go-toml/v2 v2.1.0 h1:FnwAJ4oYMvbT/34k9zzHuZNrhlz48GB3/s6at6/MHO4=
github.com/pelletier/go-toml/v2 v2.1.0/go.mod h1:tJU2Z3ZkXwnxa4DPO899bsyIoywizdUvyaeZurnPPDc=
github.com/pingcap/errors v0.11.4 h1:lFuQV/oaUMGcD2tqt+01ROSmJs75VG1ToEOkZIZ4nE4=
github.com/pingcap/errors v0.11.4/go.mod h1:Oi8TUi2kEtXXLMJk9l1cGmz20kV3TaQ0usTwv5KuLY8=
github.com/pkg/browser v0.0.0-20240102092130-5ac0b6a4141c h1:+mdjkGKdHQG3305AYmdv1U2eRNDiU2ErMBj1gwrq8eQ=
github.com/pkg/browser v0.0.0-20240102092130-5ac0b6a4141c/go.mod h1:7rwL4CYBLnjLxUqIJNnCWiEdr3bn6IUYi15bNlnbCCU=
github.com/pkg/errors v0.9.1 h1:FEBLx1zS214owpjy7qsBeixbURkuhQAwrK5UwLGTwt4=
github.com/pkg/errors v0.9.1/go.mod h1:bwawxfHBFNV+L2hUp1rHADufV3IMtnDRdf1r5NINEl0=
github.com/pmezard/go-difflib v1.0.0/go.mod h1:iKH77koFhYxTK1pcRnkKkqfTogsbg7gZNVY4sRDYZ/4=
github.com/pmezard/go-difflib v1.0.1-0.20181226105442-5d4384ee4fb2 h1:Jamvg5psRIccs7FGNTlIRMkT8wgtp5eCXdBlqhYGL6U=
github.com/pmezard/go-difflib v1.0.1-0.20181226105442-5d4384ee4fb2/go.mod h1:iKH77koFhYxTK1pcRnkKkqfTogsbg7gZNVY4sRDYZ/4=
github.com/rivo/uniseg v0.1.0/go.mod h1:J6wj4VEh+S6ZtnVlnTBMWIodfgj8LQOQFoIToxlJtxc=
github.com/rivo/uniseg v0.2.0/go.mod h1:J6wj4VEh+S6ZtnVlnTBMWIodfgj8LQOQFoIToxlJtxc=
github.com/rivo/uniseg v0.4.6 h1:Sovz9sDSwbOz9tgUy8JpT+KgCkPYJEN/oYzlJiYTNLg=
github.com/rivo/uniseg v0.4.6/go.mod h1:FN3SvrM+Zdj16jyLfmOkMNblXMcoc8DfTHruCPUcx88=
github.com/rogpeppe/go-internal v1.10.0 h1:TMyTOH3F/DB16zRVcYyreMH6GnZZrwQVAoYjRBZyWFQ=
github.com/rogpeppe/go-internal v1.10.0/go.mod h1:UQnix2H7Ngw/k4C5ijL5+65zddjncjaFoBhdsK/akog=
github.com/russross/blackfriday/v2 v2.1.0/go.mod h1:+Rmxgy9KzJVeS9/2gXHxylqXiyQDYRxCVz55jmeOWTM=
github.com/sagikazarmark/locafero v0.4.0 h1:HApY1R9zGo4DBgr7dqsTH/JJxLTTsOt7u6keLGt6kNQ=
github.com/sagikazarmark/locafero v0.4.0/go.mod h1:Pe1W6UlPYUk/+wc/6KFhbORCfqzgYEpgQ3O5fPuL3H4=
github.com/sagikazarmark/slog-shim v0.1.0 h1:diDBnUNK9N/354PgrxMywXnAwEr1QZcOr6gto+ugjYE=
github.com/sagikazarmark/slog-shim v0.1.0/go.mod h1:SrcSrq8aKtyuqEI1uvTDTK1arOWRIczQRv+GVI1AkeQ=
github.com/sirupsen/logrus v1.9.3 h1:dueUQJ1C2q9oE3F7wvmSGAaVtTmUizReu6fjN8uqzbQ=
github.com/sirupsen/logrus v1.9.3/go.mod h1:naHLuLoDiP4jHNo9R0sCBMtWGeIprob74mVsIT4qYEQ=
github.com/sourcegraph/conc v0.3.0 h1:OQTbbt6P72L20UqAkXXuLOj79LfEanQ+YQFNpLA9ySo=
github.com/sourcegraph/conc v0.3.0/go.mod h1:Sdozi7LEKbFPqYX2/J+iBAM6HpqSLTASQIKqDmF7Mt0=
github.com/spf13/afero v1.11.0 h1:WJQKhtpdm3v2IzqG8VMqrr6Rf3UYpEF239Jy9wNepM8=
github.com/spf13/afero v1.11.0/go.mod h1:GH9Y3pIexgf1MTIWtNGyogA5MwRIDXGUr+hbWNoBjkY=
github.com/spf13/cast v1.6.0 h1:GEiTHELF+vaR5dhz3VqZfFSzZjYbgeKDpBxQVS4GYJ0=
github.com/spf13/cast v1.6.0/go.mod h1:ancEpBxwJDODSW/UG4rDrAqiKolqNNh2DX3mk86cAdo=
github.com/spf13/cobra v1.8.0 h1:7aJaZx1B85qltLMc546zn58BxxfZdR/W22ej9CFoEf0=
github.com/spf13/cobra v1.8.0/go.mod h1:WXLWApfZ71AjXPya3WOlMsY9yMs7YeiHhFVlvLyhcho=
github.com/spf13/pflag v1.0.5 h1:iy+VFUOCP1a+8yFto/drg2CJ5u0yRoB7fZw3DKv/JXA=
github.com/spf13/pflag v1.0.5/go.mod h1:McXfInJRrz4CZXVZOBLb0bTZqETkiAhM9Iw0y3An2Bg=
github.com/spf13/viper v1.18.2 h1:LUXCnvUvSM6FXAsj6nnfc8Q2tp1dIgUfY9Kc8GsSOiQ=
github.com/spf13/viper v1.18.2/go.mod h1:EKmWIqdnk5lOcmR72yw6hS+8OPYcwD0jteitLMVB+yk=
github.com/stretchr/objx v0.1.0/go.mod h1:HFkY916IF+rwdDfMAkV7OtwuqBVzrE8GR6GFx+wExME=
github.com/stretchr/objx v0.4.0/go.mod h1:YvHI0jy2hoMjB+UWwv71VJQ9isScKT/TqJzVSSt89Yw=
github.com/stretchr/objx v0.5.0/go.mod h1:Yh+to48EsGEfYuaHDzXPcE3xhTkx73EhmCGUpEOglKo=
github.com/stretchr/testify v1.4.0/go.mod h1:j7eGeouHqKxXV5pUuKE4zz7dFj8WfuZ+81PSLYec5m4=
github.com/stretchr/testify v1.6.1/go.mod h1:6Fq8oRcR53rry900zMqJjRRixrwX3KX962/h/Wwjteg=
github.com/stretchr/testify v1.7.0/go.mod h1:6Fq8oRcR53rry900zMqJjRRixrwX3KX962/h/Wwjteg=
github.com/stretchr/testify v1.7.1/go.mod h1:6Fq8oRcR53rry900zMqJjRRixrwX3KX962/h/Wwjteg=
github.com/stretchr/testify v1.8.0/go.mod h1:yNjHg4UonilssWZ8iaSj1OCr/vHnekPRkoO+kdMU+MU=
github.com/stretchr/testify v1.8.4/go.mod h1:sz/lmYIOXD/1dqDmKjjqLyZ2RngseejIcXlSw2iwfAo=
github.com/stretchr/testify v1.9.0 h1:HtqpIVDClZ4nwg75+f6Lvsy/wHu+3BoSGCbBAcpTsTg=
github.com/stretchr/testify v1.9.0/go.mod h1:r2ic/lqez/lEtzL7wO/rwa5dbSLXVDPFyf8C91i36aY=
github.com/subosito/gotenv v1.6.0 h1:9NlTDc1FTs4qu0DDq7AEtTPNw6SVm7uBMsUCUjABIf8=
github.com/subosito/gotenv v1.6.0/go.mod h1:Dk4QP5c2W3ibzajGcXpNraDfq2IrhjMIvMSWPKKo0FU=
github.com/ttacon/chalk v0.0.0-20160626202418-22c06c80ed31 h1:OXcKh35JaYsGMRzpvFkLv/MEyPuL49CThT1pZ8aSml4=
github.com/ttacon/chalk v0.0.0-20160626202418-22c06c80ed31/go.mod h1:onvgF043R+lC5RZ8IT9rBXDaEDnpnw/Cl+HFiw+v/7Q=
github.com/uptrace/opentelemetry-go-extra/otellogrus v0.2.3 h1:m5eNyOhch/7tyK6aN6eRRpNoD1vM8PNh64dA05X22Js=
github.com/uptrace/opentelemetry-go-extra/otellogrus v0.2.3/go.mod h1:APPUXm9BbpH7NFkfpbw04raZSitzl19/3NOCu0rbI4E=
github.com/uptrace/opentelemetry-go-extra/otelutil v0.2.3 h1:LyGS9cIZV0YVhE81zwfMhIE2l2flcj3wn5IoK4VkbWA=
github.com/uptrace/opentelemetry-go-extra/otelutil v0.2.3/go.mod h1:RvCYhPchLhvQ9l9C9goblbgO7BaKt597kBMf5mgKyo0=
github.com/xhit/go-str2duration/v2 v2.1.0 h1:lxklc02Drh6ynqX+DdPyp5pCKLUQpRT8bp8Ydu2Bstc=
github.com/xhit/go-str2duration/v2 v2.1.0/go.mod h1:ohY8p+0f07DiV6Em5LKB0s2YpLtXVyJfNt1+BlmyAsU=
github.com/xiam/dig v0.0.0-20191116195832-893b5fb5093b h1:ajy6PPLDeQaf7xf4P/4Ie/wsUTEqjy3Irl+xFelmjk0=
github.com/xiam/dig v0.0.0-20191116195832-893b5fb5093b/go.mod h1:TkoiLoIgvAxmagjbnKWq18F2VlqnIcqAx/HzmFAqXNU=
github.com/xiam/to v0.0.0-20191116183551-8328998fc0ed/go.mod h1:cqbG7phSzrbdg3aj+Kn63bpVruzwDZi58CpxlZkjwzw=
github.com/xiam/to v0.0.0-20200126224905-d60d31e03561 h1:SVoNK97S6JlaYlHcaC+79tg3JUlQABcc0dH2VQ4Y+9s=
github.com/xiam/to v0.0.0-20200126224905-d60d31e03561/go.mod h1:cqbG7phSzrbdg3aj+Kn63bpVruzwDZi58CpxlZkjwzw=
github.com/yuin/goldmark v1.2.1/go.mod h1:3hX8gzYuyVAZsxl0MRgGTJEmQBFcNTphYh9decYSb74=
github.com/yuin/goldmark v1.4.13/go.mod h1:6yULJ656Px+3vBD8DxQVa3kxgyrAnzto9xy5taEt/CY=
github.com/yuin/goldmark v1.5.2 h1:ALmeCk/px5FSm1MAcFBAsVKZjDuMVj8Tm7FFIlMJnqU=
github.com/yuin/goldmark v1.5.2/go.mod h1:6yULJ656Px+3vBD8DxQVa3kxgyrAnzto9xy5taEt/CY=
github.com/yuin/goldmark-emoji v1.0.1 h1:ctuWEyzGBwiucEqxzwe0SOYDXPAucOrE9NQC18Wa1os=
github.com/yuin/goldmark-emoji v1.0.1/go.mod h1:2w1E6FEWLcDQkoTE+7HU6QF1F6SLlNGjRIBbIZQFqkQ=
go.opentelemetry.io/contrib/detectors/aws/ec2 v1.24.0 h1:mdgKu9aAl3uNPmFFYhJoEhtnAEbpOiUEm672moYowTs=
go.opentelemetry.io/contrib/detectors/aws/ec2 v1.24.0/go.mod h1:pLGyW++QzweLK2DV29J9LeZf01n7nEL+y7Yaxg5JA/k=
go.opentelemetry.io/contrib/instrumentation/net/http/otelhttp v0.49.0 h1:jq9TW8u3so/bN+JPT166wjOI6/vQPF6Xe7nMNIltagk=
go.opentelemetry.io/contrib/instrumentation/net/http/otelhttp v0.49.0/go.mod h1:p8pYQP+m5XfbZm9fxtSKAbM6oIllS7s2AfxrChvc7iw=
go.opentelemetry.io/otel v1.24.0 h1:0LAOdjNmQeSTzGBzduGe/rU4tZhMwL5rWgtp9Ku5Jfo=
go.opentelemetry.io/otel v1.24.0/go.mod h1:W7b9Ozg4nkF5tWI5zsXkaKKDjdVjpD4oAt9Qi/MArHo=
go.opentelemetry.io/otel/exporters/otlp/otlptrace v1.24.0 h1:t6wl9SPayj+c7lEIFgm4ooDBZVb01IhLB4InpomhRw8=
go.opentelemetry.io/otel/exporters/otlp/otlptrace v1.24.0/go.mod h1:iSDOcsnSA5INXzZtwaBPrKp/lWu/V14Dd+llD0oI2EA=
go.opentelemetry.io/otel/exporters/otlp/otlptrace/otlptracehttp v1.24.0 h1:Xw8U6u2f8DK2XAkGRFV7BBLENgnTGX9i4rQRxJf+/vs=
go.opentelemetry.io/otel/exporters/otlp/otlptrace/otlptracehttp v1.24.0/go.mod h1:6KW1Fm6R/s6Z3PGXwSJN2K4eT6wQB3vXX6CVnYX9NmM=
go.opentelemetry.io/otel/exporters/stdout/stdouttrace v1.24.0 h1:s0PHtIkN+3xrbDOpt2M8OTG92cWqUESvzh2MxiR5xY8=
go.opentelemetry.io/otel/exporters/stdout/stdouttrace v1.24.0/go.mod h1:hZlFbDbRt++MMPCCfSJfmhkGIWnX1h3XjkfxZUjLrIA=
go.opentelemetry.io/otel/metric v1.24.0 h1:6EhoGWWK28x1fbpA4tYTOWBkPefTDQnb8WSGXlc88kI=
go.opentelemetry.io/otel/metric v1.24.0/go.mod h1:VYhLe1rFfxuTXLgj4CBiyz+9WYBA8pNGJgDcSFRKBco=
go.opentelemetry.io/otel/schema v0.0.7 h1:UslTvUtbFGmaxlpL1Z+aROrjsP7BRWt06Xxm5Ng/kAU=
go.opentelemetry.io/otel/schema v0.0.7/go.mod h1:jFb7hFFzdtEQ8R8HdbDGy4KuBctXNZwH1XJBP470kH4=
go.opentelemetry.io/otel/sdk v1.24.0 h1:YMPPDNymmQN3ZgczicBY3B6sf9n62Dlj9pWD3ucgoDw=
go.opentelemetry.io/otel/sdk v1.24.0/go.mod h1:KVrIYw6tEubO9E96HQpcmpTKDVn9gdv35HoYiQWGDFg=
go.opentelemetry.io/otel/trace v1.24.0 h1:CsKnnL4dUAr/0llH9FKuc698G04IrpWV0MQA/Y1YELI=
go.opentelemetry.io/otel/trace v1.24.0/go.mod h1:HPc3Xr/cOApsBI154IU0OI0HJexz+aw5uPdbs3UCjNU=
go.opentelemetry.io/proto/otlp v1.1.0 h1:2Di21piLrCqJ3U3eXGCTPHE9R8Nh+0uglSnOyxikMeI=
go.opentelemetry.io/proto/otlp v1.1.0/go.mod h1:GpBHCBWiqvVLDqmHZsoMM3C5ySeKTC7ej/RNTae6MdY=
go.uber.org/goleak v1.3.0 h1:2K3zAYmnTNqV73imy9J1T3WC+gmCePx2hEGkimedGto=
go.uber.org/goleak v1.3.0/go.mod h1:CoHD4mav9JJNrW/WLlf7HGZPjdw8EucARQHekz1X6bE=
go.uber.org/multierr v1.11.0 h1:blXXJkSxSSfBVBlC76pxqeO+LN3aDfLQo+309xJstO0=
go.uber.org/multierr v1.11.0/go.mod h1:20+QtiLqy0Nd6FdQB9TLXag12DsQkrbs3htMFfDN80Y=
golang.org/x/crypto v0.0.0-20190308221718-c2843e01d9a2/go.mod h1:djNgcEr1/C05ACkg1iLfiJU5Ep61QUkGW8qpdssI0+w=
golang.org/x/crypto v0.0.0-20190911031432-227b76d455e7/go.mod h1:yigFU9vqHzYiE8UmvKecakEJjdnWj3jj499lnFckfCI=
golang.org/x/crypto v0.0.0-20210921155107-089bfa567519/go.mod h1:GvvjBRRGRdwPK5ydBHafDWAxML/pGHZbMvKqRZ5+Abc=
golang.org/x/crypto v0.19.0 h1:ENy+Az/9Y1vSrlrvBSyna3PITt4tiZLf7sgCjZBX7Wo=
golang.org/x/crypto v0.19.0/go.mod h1:Iy9bg/ha4yyC70EfRS8jz+B6ybOBKMaSxLj6P6oBDfU=
golang.org/x/exp v0.0.0-20231206192017-f3f8817b8deb h1:c0vyKkb6yr3KR7jEfJaOSv4lG7xPkbN6r52aJz1d8a8=
golang.org/x/exp v0.0.0-20231206192017-f3f8817b8deb/go.mod h1:iRJReGqOEeBhDZGkGbynYwcHlctCvnjTYIamk7uXpHI=
golang.org/x/mod v0.6.0-dev.0.20220419223038-86c51ed26bb4/go.mod h1:jJ57K6gSWd91VN4djpZkiMVwK6gcyfeH4XE8wZrZaV4=
golang.org/x/mod v0.14.0 h1:dGoOF9QVLYng8IHTm7BAyWqCqSheQ5pYWGhzW00YJr0=
golang.org/x/mod v0.14.0/go.mod h1:hTbmBsO62+eylJbnUtE2MGJUyE7QWk4xUqPFrRgJ+7c=
golang.org/x/net v0.0.0-20190404232315-eb5bcb51f2a3/go.mod h1:t9HGtf8HONx5eT2rtn7q6eTqICYqUVnKs3thJo3Qplg=
golang.org/x/net v0.0.0-20190620200207-3b0461eec859/go.mod h1:z5CRVTTTmAJ677TzLLGU+0bjPO0LkuOLi4/5GtJWs/s=
golang.org/x/net v0.0.0-20210226172049-e18ecbb05110/go.mod h1:m0MpNAwzfU5UDzcl9v0D8zg8gWTRqZa9RBIspLL5mdg=
golang.org/x/net v0.0.0-20220722155237-a158d28d115b/go.mod h1:XRhObCWvk6IyKnWLug+ECip1KBveYUHfp+8e9klMJ9c=
golang.org/x/net v0.0.0-20221002022538-bcab6841153b/go.mod h1:YDH+HFinaLZZlnHAfSS6ZXJJ9M9t4Dl22yv3iI2vPwk=
golang.org/x/net v0.21.0 h1:AQyQV4dYCvJ7vGmJyKki9+PBdyvhkSd8EIx/qb0AYv4=
golang.org/x/net v0.21.0/go.mod h1:bIjVDfnllIU7BJ2DNgfnXvpSvtn8VRwhlsaeUTyUS44=
golang.org/x/oauth2 v0.17.0 h1:6m3ZPmLEFdVxKKWnKq4VqZ60gutO35zm+zrAHVmHyDQ=
golang.org/x/oauth2 v0.17.0/go.mod h1:OzPDGQiuQMguemayvdylqddI7qcD9lnSDb+1FiwQ5HA=
golang.org/x/sync v0.0.0-20190423024810-112230192c58/go.mod h1:RxMgew5VJxzue5/jJTE5uejpjVlOe/izrB70Jof72aM=
golang.org/x/sync v0.0.0-20220722155255-886fb9371eb4/go.mod h1:RxMgew5VJxzue5/jJTE5uejpjVlOe/izrB70Jof72aM=
golang.org/x/sync v0.6.0 h1:5BMeUDZ7vkXGfEr1x9B4bRcTH4lpkTkpdh0T/J+qjbQ=
golang.org/x/sync v0.6.0/go.mod h1:Czt+wKu1gCyEFDUtn0jG5QVvpJ6rzVqr5aXyt9drQfk=
golang.org/x/sys v0.0.0-20190215142949-d0b11bdaac8a/go.mod h1:STP8DvDyc/dI5b8T5hshtkjS+E42TnysNCUPdjciGhY=
golang.org/x/sys v0.0.0-20190412213103-97732733099d/go.mod h1:h1NjWce9XRLGQEsW7wpKNCjG9DtNlClVuFLEZdDNbEs=
golang.org/x/sys v0.0.0-20201119102817-f84b799fce68/go.mod h1:h1NjWce9XRLGQEsW7wpKNCjG9DtNlClVuFLEZdDNbEs=
golang.org/x/sys v0.0.0-20210615035016-665e8c7367d1/go.mod h1:oPkhp1MJrh7nUepCBck5+mAzfO9JrbApNNgaTdGDITg=
golang.org/x/sys v0.0.0-20220520151302-bc2c85ada10a/go.mod h1:oPkhp1MJrh7nUepCBck5+mAzfO9JrbApNNgaTdGDITg=
golang.org/x/sys v0.0.0-20220715151400-c0bba94af5f8/go.mod h1:oPkhp1MJrh7nUepCBck5+mAzfO9JrbApNNgaTdGDITg=
golang.org/x/sys v0.0.0-20220722155257-8c9f86f7a55f/go.mod h1:oPkhp1MJrh7nUepCBck5+mAzfO9JrbApNNgaTdGDITg=
golang.org/x/sys v0.0.0-20220728004956-3c1f35247d10/go.mod h1:oPkhp1MJrh7nUepCBck5+mAzfO9JrbApNNgaTdGDITg=
golang.org/x/sys v0.0.0-20220811171246-fbc7d0a398ab/go.mod h1:oPkhp1MJrh7nUepCBck5+mAzfO9JrbApNNgaTdGDITg=
golang.org/x/sys v0.1.0/go.mod h1:oPkhp1MJrh7nUepCBck5+mAzfO9JrbApNNgaTdGDITg=
golang.org/x/sys v0.6.0/go.mod h1:oPkhp1MJrh7nUepCBck5+mAzfO9JrbApNNgaTdGDITg=
golang.org/x/sys v0.17.0 h1:25cE3gD+tdBA7lp7QfhuV+rJiE9YXTcS3VG1SqssI/Y=
golang.org/x/sys v0.17.0/go.mod h1:/VUhepiaJMQUp4+oa/7Zr1D23ma6VTLIYjOOTFZPUcA=
golang.org/x/term v0.0.0-20201126162022-7de9c90e9dd1/go.mod h1:bj7SfCRtBDWHUb9snDiAeCFNEtKQo2Wmx5Cou7ajbmo=
golang.org/x/term v0.0.0-20210927222741-03fcf44c2211/go.mod h1:jbD1KX2456YbFQfuXm/mYQcufACuNUgVhRMnK/tPxf8=
golang.org/x/term v0.17.0 h1:mkTF7LCd6WGJNL3K1Ad7kwxNfYAW6a8a8QqtMblp/4U=
golang.org/x/term v0.17.0/go.mod h1:lLRBjIVuehSbZlaOtGMbcMncT+aqLLLmKrsjNrUguwk=
golang.org/x/text v0.3.0/go.mod h1:NqM8EUOU14njkJ3fqMW+pc6Ldnwhi/IjpwHt7yyuwOQ=
golang.org/x/text v0.3.3/go.mod h1:5Zoc/QRtKVWzQhOtBMvqHzDpF6irO9z98xDceosuGiQ=
golang.org/x/text v0.3.7/go.mod h1:u+2+/6zg+i71rQMx5EYifcz6MCKuco9NR6JIITiCfzQ=
golang.org/x/text v0.3.8/go.mod h1:E6s5w1FMmriuDzIBO73fBruAKo1PCIq6d2Q6DHfQ8WQ=
golang.org/x/text v0.14.0 h1:ScX5w1eTa3QqT8oi6+ziP7dTV1S2+ALU0bI+0zXKWiQ=
golang.org/x/text v0.14.0/go.mod h1:18ZOQIKpY8NJVqYksKHtTdi31H5itFRjB5/qKTNYzSU=
golang.org/x/time v0.5.0 h1:o7cqy6amK/52YcAKIPlM3a+Fpj35zvRj2TP+e1xFSfk=
golang.org/x/time v0.5.0/go.mod h1:3BpzKBy/shNhVucY/MWOyx10tF3SFh9QdLuxbVysPQM=
golang.org/x/tools v0.0.0-20180917221912-90fa682c2a6e/go.mod h1:n7NCudcB/nEzxVGmLbDWY5pfWTLqBcC2KZ6jyYvM4mQ=
golang.org/x/tools v0.0.0-20191119224855-298f0cb1881e/go.mod h1:b+2E5dAYhXwXZwtnZ6UAqBI28+e2cm9otk0dWdXHAEo=
golang.org/x/tools v0.1.12/go.mod h1:hNGJHUnrk76NpqgfD5Aqm5Crs+Hm0VOH/i9J2+nxYbc=
golang.org/x/tools v0.17.0 h1:FvmRgNOcs3kOa+T20R1uhfP9F6HgG2mfxDv1vrx1Htc=
golang.org/x/tools v0.17.0/go.mod h1:xsh6VxdV005rRVaS6SSAf9oiAqljS7UZUacMZ8Bnsps=
golang.org/x/xerrors v0.0.0-20190717185122-a985d3407aa7/go.mod h1:I/5z698sn9Ka8TeJc9MKroUUfqBBauWjQqLJ2OPfmY0=
golang.org/x/xerrors v0.0.0-20191204190536-9bdfabe68543/go.mod h1:I/5z698sn9Ka8TeJc9MKroUUfqBBauWjQqLJ2OPfmY0=
google.golang.org/appengine v1.6.8 h1:IhEN5q69dyKagZPYMSdIjS2HqprW324FRQZJcGqPAsM=
google.golang.org/appengine v1.6.8/go.mod h1:1jJ3jBArFh5pcgW8gCtRJnepW8FzD1V44FJffLiz/Ds=
google.golang.org/genproto v0.0.0-20231212172506-995d672761c0 h1:YJ5pD9rF8o9Qtta0Cmy9rdBwkSjrTCT6XTiUQVOtIos=
google.golang.org/genproto v0.0.0-20231212172506-995d672761c0/go.mod h1:l/k7rMz0vFTBPy+tFSGvXEd3z+BcoG1k7EHbqm+YBsY=
google.golang.org/genproto/googleapis/api v0.0.0-20240102182953-50ed04b92917 h1:rcS6EyEaoCO52hQDupoSfrxI3R6C2Tq741is7X8OvnM=
google.golang.org/genproto/googleapis/api v0.0.0-20240102182953-50ed04b92917/go.mod h1:CmlNWB9lSezaYELKS5Ym1r44VrrbPUa7JTvw+6MbpJ0=
google.golang.org/genproto/googleapis/rpc v0.0.0-20240102182953-50ed04b92917 h1:6G8oQ016D88m1xAKljMlBOOGWDZkes4kMhgGFlf8WcQ=
google.golang.org/genproto/googleapis/rpc v0.0.0-20240102182953-50ed04b92917/go.mod h1:xtjpI3tXFPP051KaWnhvxkiubL/6dJ18vLVf7q2pTOU=
google.golang.org/grpc v1.61.1 h1:kLAiWrZs7YeDM6MumDe7m3y4aM6wacLzM1Y/wiLP9XY=
google.golang.org/grpc v1.61.1/go.mod h1:VUbo7IFqmF1QtCAstipjG0GIoq49KvMe9+h1jFLBNJs=
google.golang.org/protobuf v1.26.0-rc.1/go.mod h1:jlhhOSvTdKEhbULTjvd4ARK9grFBp09yW+WbY/TyQbw=
google.golang.org/protobuf v1.26.0/go.mod h1:9q0QmTI4eRPtz6boOQmLYwt+qCgq0jsYwAQnmE0givc=
google.golang.org/protobuf v1.32.0 h1:pPC6BG5ex8PDFnkbrGU3EixyhKcQ2aDuBS36lqK/C7I=
google.golang.org/protobuf v1.32.0/go.mod h1:c6P6GXX6sHbq/GpV6MGZEdwhWPcYBgnhAHhKbcUYpos=
gopkg.in/check.v1 v0.0.0-20161208181325-20d25e280405/go.mod h1:Co6ibVJAznAaIkqp8huTwlJQCZ016jof/cbN4VW5Yz0=
gopkg.in/check.v1 v1.0.0-20201130134442-10cb98267c6c h1:Hei/4ADfdWqJk1ZMxUNpqntNwaWcugrBjAiHlqqRiVk=
gopkg.in/check.v1 v1.0.0-20201130134442-10cb98267c6c/go.mod h1:JHkPIbrfpd72SG/EVd6muEfDQjcINNoR0C8j2r3qZ4Q=
gopkg.in/go-jose/go-jose.v2 v2.6.3 h1:nt80fvSDlhKWQgSWyHyy5CfmlQr+asih51R8PTWNKKs=
gopkg.in/go-jose/go-jose.v2 v2.6.3/go.mod h1:zzZDPkNNw/c9IE7Z9jr11mBZQhKQTMzoEEIoEdZlFBI=
gopkg.in/ini.v1 v1.67.0 h1:Dgnx+6+nfE+IfzjUEISNeydPJh9AXNNsWbGP9KzCsOA=
gopkg.in/ini.v1 v1.67.0/go.mod h1:pNLf8WUiyNEtQjuu5G5vTm06TEv9tsIgeAvK8hOrP4k=
gopkg.in/yaml.v2 v2.2.2/go.mod h1:hI93XBmqTisBFMUTm0b8Fm+jr3Dg1NNxqwp+5A1VGuI=
gopkg.in/yaml.v2 v2.2.8/go.mod h1:hI93XBmqTisBFMUTm0b8Fm+jr3Dg1NNxqwp+5A1VGuI=
gopkg.in/yaml.v2 v2.4.0 h1:D8xgwECY7CYvx+Y2n4sBz93Jn9JRvxdiyyo8CTfuKaY=
gopkg.in/yaml.v2 v2.4.0/go.mod h1:RDklbk79AGWmwhnvt/jBztapEOGDOx6ZbXqjP6csGnQ=
gopkg.in/yaml.v3 v3.0.0-20200313102051-9f266ea9e77c/go.mod h1:K4uyk7z7BCEPqu6E+C64Yfv1cQ7kz7rIZviUmN+EgEM=
gopkg.in/yaml.v3 v3.0.1 h1:fxVm/GzAzEWqLHuvctI91KS9hhNmmWOoWu0XTYJS7CA=
gopkg.in/yaml.v3 v3.0.1/go.mod h1:K4uyk7z7BCEPqu6E+C64Yfv1cQ7kz7rIZviUmN+EgEM=
nhooyr.io/websocket v1.8.10 h1:mv4p+MnGrLDcPlBoWsvPP7XCzTYMXP9F9eIGoKbgx7Q=
nhooyr.io/websocket v1.8.10/go.mod h1:rN9OFWIUwuxg4fR5tELlYC04bXYowCP9GX47ivo2l+c=
