connectrpc.com/connect v1.16.2 h1:ybd6y+ls7GOlb7Bh5C8+ghA6SvCBajHwxssO2CGFjqE=
connectrpc.com/connect v1.16.2/go.mod h1:n2kgwskMHXC+lVqb18wngEpF95ldBHXjZYJussz5FRc=
github.com/Masterminds/semver/v3 v3.2.1 h1:RN9w6+7QoMeJVGyfmbcgs28Br8cvmnucEXnY0rYXWg0=
github.com/Masterminds/semver/v3 v3.2.1/go.mod h1:qvl/7zhW3nngYb5+80sSMF+FG2BjYrf8m9wsX0PNOMQ=
github.com/MrAlias/otel-schema-utils v0.2.1-alpha h1:dSeMM04tO+EY1JLof0bL8rIDkaMV3yBiUFdcSeIfbqI=
github.com/MrAlias/otel-schema-utils v0.2.1-alpha/go.mod h1:i5gQR7dVLC4XxJuPITWxpWnjGRICZY50OMXXtrQTDeQ=
github.com/alecthomas/assert/v2 v2.2.1 h1:XivOgYcduV98QCahG8T5XTezV5bylXe+lBxLG2K2ink=
github.com/alecthomas/assert/v2 v2.2.1/go.mod h1:pXcQ2Asjp247dahGEmsZ6ru0UVwnkhktn7S0bBDLxvQ=
github.com/alecthomas/chroma/v2 v2.8.0 h1:w9WJUjFFmHHB2e8mRpL9jjy3alYDlU0QLDezj1xE264=
github.com/alecthomas/chroma/v2 v2.8.0/go.mod h1:yrkMI9807G1ROx13fhe1v6PN2DDeaR73L3d+1nmYQtw=
github.com/alecthomas/kingpin/v2 v2.3.2 h1:H0aULhgmSzN8xQ3nX1uxtdlTHYoPLu5AhHxWrKI6ocU=
github.com/alecthomas/kingpin/v2 v2.3.2/go.mod h1:0gyi0zQnjuFk8xrkNKamJoyUo382HRL7ATRpFZCw6tE=
github.com/alecthomas/repr v0.2.0 h1:HAzS41CIzNW5syS8Mf9UwXhNH1J9aix/BvDRf1Ml2Yk=
github.com/alecthomas/repr v0.2.0/go.mod h1:Fr0507jx4eOXV7AlPV6AVZLYrLIuIeSOWtW57eE/O/4=
github.com/alecthomas/units v0.0.0-20211218093645-b94a6e3cc137 h1:s6gZFSlWYmbqAuRjVTiNNhvNRfY2Wxp9nhfyel4rklc=
github.com/alecthomas/units v0.0.0-20211218093645-b94a6e3cc137/go.mod h1:OMCwj8VM1Kc9e19TLln2VL61YJF0x1XFtfdL4JdbSyE=
github.com/atotto/clipboard v0.1.4 h1:EH0zSVneZPSuFR11BlR9YppQTVDbh5+16AmcJi4g1z4=
github.com/atotto/clipboard v0.1.4/go.mod h1:ZY9tmq7sm5xIbd9bOK4onWV4S6X0u6GY7Vn0Yu86PYI=
github.com/auth0/go-jwt-middleware/v2 v2.2.1 h1:pqxEIwlCztD0T9ZygGfOrw4NK/F9iotnCnPJVADKbkE=
github.com/auth0/go-jwt-middleware/v2 v2.2.1/go.mod h1:CSi0tuu0QrALbWdiQZwqFL8SbBhj4e2MJzkvNfjY0Us=
github.com/aws/aws-sdk-go v1.53.6 h1:1/MYh/VmxdJu7v2bwvDA2JS30UI7bg62QYgQ7KxMa/Q=
github.com/aws/aws-sdk-go v1.53.6/go.mod h1:LF8svs817+Nz+DmiMQKTO3ubZ/6IaTpq3TjupRn3Eqk=
github.com/aws/aws-sdk-go-v2 v1.27.2 h1:pLsTXqX93rimAOZG2FIYraDQstZaaGVVN4tNw65v0h8=
github.com/aws/aws-sdk-go-v2 v1.27.2/go.mod h1:ffIFB97e2yNsv4aTSGkqtHnppsIJzw7G7BReUZ3jCXM=
github.com/aws/aws-sdk-go-v2/aws/protocol/eventstream v1.6.2 h1:x6xsQXGSmW6frevwDA+vi/wqhp1ct18mVXYN08/93to=
github.com/aws/aws-sdk-go-v2/aws/protocol/eventstream v1.6.2/go.mod h1:lPprDr1e6cJdyYeGXnRaJoP4Md+cDBvi2eOj00BlGmg=
github.com/aws/aws-sdk-go-v2/config v1.27.18 h1:wFvAnwOKKe7QAyIxziwSKjmer9JBMH1vzIL6W+fYuKk=
github.com/aws/aws-sdk-go-v2/config v1.27.18/go.mod h1:0xz6cgdX55+kmppvPm2IaKzIXOheGJhAufacPJaXZ7c=
github.com/aws/aws-sdk-go-v2/credentials v1.17.18 h1:D/ALDWqK4JdY3OFgA2thcPO1c9aYTT5STS/CvnkqY1c=
github.com/aws/aws-sdk-go-v2/credentials v1.17.18/go.mod h1:JuitCWq+F5QGUrmMPsk945rop6bB57jdscu+Glozdnc=
github.com/aws/aws-sdk-go-v2/feature/ec2/imds v1.16.5 h1:dDgptDO9dxeFkXy+tEgVkzSClHZje/6JkPW5aZyEvrQ=
github.com/aws/aws-sdk-go-v2/feature/ec2/imds v1.16.5/go.mod h1:gjvE2KBUgUQhcv89jqxrIxH9GaKs1JbZzWejj/DaHGA=
github.com/aws/aws-sdk-go-v2/internal/configsources v1.3.9 h1:cy8ahBJuhtM8GTTSyOkfy6WVPV1IE+SS5/wfXUYuulw=
github.com/aws/aws-sdk-go-v2/internal/configsources v1.3.9/go.mod h1:CZBXGLaJnEZI6EVNcPd7a6B5IC5cA/GkRWtu9fp3S6Y=
github.com/aws/aws-sdk-go-v2/internal/endpoints/v2 v2.6.9 h1:A4SYk07ef04+vxZToz9LWvAXl9LW0NClpPpMsi31cz0=
github.com/aws/aws-sdk-go-v2/internal/endpoints/v2 v2.6.9/go.mod h1:5jJcHuwDagxN+ErjQ3PU3ocf6Ylc/p9x+BLO/+X4iXw=
github.com/aws/aws-sdk-go-v2/internal/ini v1.8.0 h1:hT8rVHwugYE2lEfdFE0QWVo81lF7jMrYJVDWI+f+VxU=
github.com/aws/aws-sdk-go-v2/internal/ini v1.8.0/go.mod h1:8tu/lYfQfFe6IGnaOdrpVgEL2IrrDOf6/m9RQum4NkY=
github.com/aws/aws-sdk-go-v2/internal/v4a v1.3.9 h1:vHyZxoLVOgrI8GqX7OMHLXp4YYoxeEsrjweXKpye+ds=
github.com/aws/aws-sdk-go-v2/internal/v4a v1.3.9/go.mod h1:z9VXZsWA2BvZNH1dT0ToUYwMu/CR9Skkj/TBX+mceZw=
github.com/aws/aws-sdk-go-v2/service/autoscaling v1.40.11 h1:n0OjQw2HMbBr1g2M3XzzNTV8srYSoLkYgV48jiLkqbQ=
github.com/aws/aws-sdk-go-v2/service/autoscaling v1.40.11/go.mod h1:qaQkZEptpHa0HhooCCONUjxvYbkgHtDuG/cCDvJt6UE=
github.com/aws/aws-sdk-go-v2/service/cloudfront v1.36.6 h1:dYxK3oAOXbryNOs4qnWugEe6oWh50PWLPe/Y1CoJGzU=
github.com/aws/aws-sdk-go-v2/service/cloudfront v1.36.6/go.mod h1:tt1D2vhp2ZJbQ875VVxsXgx8z2OWaD4kgkSNqQd0EOc=
github.com/aws/aws-sdk-go-v2/service/cloudwatch v1.38.6 h1:UVjxYe8VGpwXYcmBcciBHlQrNssdEvntXCPWmnRR15U=
github.com/aws/aws-sdk-go-v2/service/cloudwatch v1.38.6/go.mod h1:4V6VDA0kZavRn71+sLpVna75oobnlG+gwtnNcBwZhu4=
github.com/aws/aws-sdk-go-v2/service/directconnect v1.24.11 h1:UjmVyJSZPHh/9PoVuzAqNiAEuBb1JM78c65RlEFMH2M=
github.com/aws/aws-sdk-go-v2/service/directconnect v1.24.11/go.mod h1:KjKm9AsKQExyDouzaFPBuojwh+jfy9VdEmDsdDVXLm4=
github.com/aws/aws-sdk-go-v2/service/dynamodb v1.32.8 h1:yOosUCdI/P+gfBd8uXk6lvZmrp7z2Xs8s1caIDP33lo=
github.com/aws/aws-sdk-go-v2/service/dynamodb v1.32.8/go.mod h1:4sYs0Krug9vn4cfDly4ExdbXJRqqZZBVDJNtBHGxCpQ=
github.com/aws/aws-sdk-go-v2/service/ec2 v1.164.0 h1:kN8Jd9H1LD/zlZEaoLpHJjsaKQjzYA1TgzlCB12BCw8=
github.com/aws/aws-sdk-go-v2/service/ec2 v1.164.0/go.mod h1:gYk1NtyvkH1SxPcndDtfro3lwbiE5t0tW4eRki5YnOQ=
github.com/aws/aws-sdk-go-v2/service/ecs v1.42.0 h1:FvAROmrc7vjL5I90Ag4JR0/7NRnXYU9OpPOLUSzxnos=
github.com/aws/aws-sdk-go-v2/service/ecs v1.42.0/go.mod h1:qxSuZNUGNmgr4Yt6rK2n8F9w7pWn5eOqo8C+NmF9rmg=
github.com/aws/aws-sdk-go-v2/service/efs v1.28.10 h1:x+uo8DkWsVSDzztyZJZoIjKrDHBjcm0ZyRbqunyqwWE=
github.com/aws/aws-sdk-go-v2/service/efs v1.28.10/go.mod h1:qo0iw+C3O5qH7ysn5znlDFrl7zVqQDr25G2ezr0YGK8=
github.com/aws/aws-sdk-go-v2/service/eks v1.43.1 h1:RfpqqfRmDw4RMvNHmPesDBuMeaVDQhWgepAn6tP0aYI=
github.com/aws/aws-sdk-go-v2/service/eks v1.43.1/go.mod h1:oxKaTqwF6pHUbgA6/aOwVEZFK+Okv4tZMdb9m6AHjlg=
github.com/aws/aws-sdk-go-v2/service/elasticloadbalancing v1.24.10 h1:lB9kB6c6gHAof9ec76kN9Tf0DC7A2gyGLMt8314/6qE=
github.com/aws/aws-sdk-go-v2/service/elasticloadbalancing v1.24.10/go.mod h1:BA5KJVrvZkvx78EMAab0+AHuD4d7bcEPeKaHKPkaRok=
github.com/aws/aws-sdk-go-v2/service/elasticloadbalancingv2 v1.31.3 h1:Avh8YS+sgb2OKRht0wdNwY8tqtsCzVrmc8dG8Wfy9LI=
github.com/aws/aws-sdk-go-v2/service/elasticloadbalancingv2 v1.31.3/go.mod h1:HbtHaw/hnNPaiqcyYnheILVyn81wOZiX9n2gYF5tPmM=
github.com/aws/aws-sdk-go-v2/service/iam v1.32.6 h1:NRlKKQ/BPHPqsuN2Hy6v4WA8/bsRTP0j8/BFPBC5+SU=
github.com/aws/aws-sdk-go-v2/service/iam v1.32.6/go.mod h1:S+s7/UH0UIqRX4GyXvZihMJNR9nqlB0kxO4NKSFeRak=
github.com/aws/aws-sdk-go-v2/service/internal/accept-encoding v1.11.2 h1:Ji0DY1xUsUr3I8cHps0G+XM3WWU16lP6yG8qu1GAZAs=
github.com/aws/aws-sdk-go-v2/service/internal/accept-encoding v1.11.2/go.mod h1:5CsjAbs3NlGQyZNFACh+zztPDI7fU6eW9QsxjfnuBKg=
github.com/aws/aws-sdk-go-v2/service/internal/checksum v1.3.11 h1:4vt9Sspk59EZyHCAEMaktHKiq0C09noRTQorXD/qV+s=
github.com/aws/aws-sdk-go-v2/service/internal/checksum v1.3.11/go.mod h1:5jHR79Tv+Ccq6rwYh+W7Nptmw++WiFafMfR42XhwNl8=
github.com/aws/aws-sdk-go-v2/service/internal/endpoint-discovery v1.9.10 h1:+ijk29Q2FlKCinEzG6GE3IcOyBsmPNUmFq/L82pSyhI=
github.com/aws/aws-sdk-go-v2/service/internal/endpoint-discovery v1.9.10/go.mod h1:D9WZXFWtJD76gmV2ZciWcY8BJBFdCblqdfF9OmkrwVU=
github.com/aws/aws-sdk-go-v2/service/internal/presigned-url v1.11.11 h1:o4T+fKxA3gTMcluBNZZXE9DNaMkJuUL1O3mffCUjoJo=
github.com/aws/aws-sdk-go-v2/service/internal/presigned-url v1.11.11/go.mod h1:84oZdJ+VjuJKs9v1UTC9NaodRZRseOXCTgku+vQJWR8=
github.com/aws/aws-sdk-go-v2/service/internal/s3shared v1.17.9 h1:TE2i0A9ErH1YfRSvXfCr2SQwfnqsoJT9nPQ9kj0lkxM=
github.com/aws/aws-sdk-go-v2/service/internal/s3shared v1.17.9/go.mod h1:9TzXX3MehQNGPwCZ3ka4CpwQsoAMWSF48/b+De9rfVM=
github.com/aws/aws-sdk-go-v2/service/lambda v1.54.6 h1:UMu5aeSubjM9geSuPCGOgBAZa0JvsXxJBFXmKgUuisM=
github.com/aws/aws-sdk-go-v2/service/lambda v1.54.6/go.mod h1:fWbFM4/v+IgUW+p4TooAXuhmiQyC5qxMV5gUqxDII2g=
github.com/aws/aws-sdk-go-v2/service/networkfirewall v1.38.11 h1:eQewGFrGHX2LwUsyOZ4wk42EQ6gkZrUXSc8fnregfFI=
github.com/aws/aws-sdk-go-v2/service/networkfirewall v1.38.11/go.mod h1:emXvJe9g+08O1v4BVSPMmA67Hznr5jzCCmSjfn5mIqs=
github.com/aws/aws-sdk-go-v2/service/networkmanager v1.26.0 h1:YzahRJJMyiWH/8OmYq9jEcb+avoGKeDLcPNiTyDkJBk=
github.com/aws/aws-sdk-go-v2/service/networkmanager v1.26.0/go.mod h1:RlgRf11f+F3a5ToQ3yLqvNJs9XXJfZdAiAWjBqvh8+k=
github.com/aws/aws-sdk-go-v2/service/rds v1.79.6 h1:NX0OiCFYFc/p1Ufimr+kJkXCCFZe9FnUoQmG5mMrYfg=
github.com/aws/aws-sdk-go-v2/service/rds v1.79.6/go.mod h1:fZ+i+g1q3unIVP0qfYYyJd80W8aiyQJ6Wsij/HFj9W0=
github.com/aws/aws-sdk-go-v2/service/route53 v1.40.10 h1:J9uHribwEgHmesH5r0enxsZYyiGBWd2AaExSW2SydqE=
github.com/aws/aws-sdk-go-v2/service/route53 v1.40.10/go.mod h1:tdzmlLwRjsHJjd4XXoSSnubCkVdRa39y4jCp4RACMkY=
github.com/aws/aws-sdk-go-v2/service/s3 v1.55.1 h1:UAxBuh0/8sFJk1qOkvOKewP5sWeWaTPDknbQz0ZkDm0=
github.com/aws/aws-sdk-go-v2/service/s3 v1.55.1/go.mod h1:hWjsYGjVuqCgfoveVcVFPXIWgz0aByzwaxKlN1StKcM=
github.com/aws/aws-sdk-go-v2/service/sns v1.29.11 h1:cZN4fMAERLi1Q4ZklHj1ru0oFSQ5Dacad0cY26gu/Fc=
github.com/aws/aws-sdk-go-v2/service/sns v1.29.11/go.mod h1:au0J6BWDeQfeyItMkuqT6fhhyZ3cVARGC9FVEDaz+Fk=
github.com/aws/aws-sdk-go-v2/service/sqs v1.32.6 h1:FrGnU+Ggf+jUFj1O7Pdw5hCk42dmyO9TOTCVL7mDISk=
github.com/aws/aws-sdk-go-v2/service/sqs v1.32.6/go.mod h1:2Ef3ZgVWL7lyz5YZf854YkMboK6qF1NbG/0hc9StZsg=
github.com/aws/aws-sdk-go-v2/service/sso v1.20.11 h1:gEYM2GSpr4YNWc6hCd5nod4+d4kd9vWIAWrmGuLdlMw=
github.com/aws/aws-sdk-go-v2/service/sso v1.20.11/go.mod h1:gVvwPdPNYehHSP9Rs7q27U1EU+3Or2ZpXvzAYJNh63w=
github.com/aws/aws-sdk-go-v2/service/ssooidc v1.24.5 h1:iXjh3uaH3vsVcnyZX7MqCoCfcyxIrVE9iOQruRaWPrQ=
github.com/aws/aws-sdk-go-v2/service/ssooidc v1.24.5/go.mod h1:5ZXesEuy/QcO0WUnt+4sDkxhdXRHTu2yG0uCSH8B6os=
github.com/aws/aws-sdk-go-v2/service/sts v1.28.12 h1:M/1u4HBpwLuMtjlxuI2y6HoVLzF5e2mfxHCg7ZVMYmk=
github.com/aws/aws-sdk-go-v2/service/sts v1.28.12/go.mod h1:kcfd+eTdEi/40FIbLq4Hif3XMXnl5b/+t/KTfLt9xIk=
github.com/aws/smithy-go v1.20.2 h1:tbp628ireGtzcHDDmLT/6ADHidqnwgF57XOXZe6tp4Q=
github.com/aws/smithy-go v1.20.2/go.mod h1:krry+ya/rV9RDcV/Q16kpu6ypI4K2czasz0NC3qS14E=
github.com/aymanbagabas/go-osc52/v2 v2.0.1 h1:HwpRHbFMcZLEVr42D4p7XBqjyuxQH5SMiErDT4WkJ2k=
github.com/aymanbagabas/go-osc52/v2 v2.0.1/go.mod h1:uYgXzlJ7ZpABp8OJ+exZzJJhRNQ2ASbcXHWsFqH8hp8=
github.com/aymerick/douceur v0.2.0 h1:Mv+mAeH1Q+n9Fr+oyamOlAkUNPWPlA8PPGR0QAaYuPk=
github.com/aymerick/douceur v0.2.0/go.mod h1:wlT5vV2O3h55X9m7iVYN0TBM0NH/MmbLnd30/FjWUq4=
github.com/catppuccin/go v0.2.0 h1:ktBeIrIP42b/8FGiScP9sgrWOss3lw0Z5SktRoithGA=
github.com/catppuccin/go v0.2.0/go.mod h1:8IHJuMGaUUjQM82qBrGNBv7LFq6JI3NnQCF6MOlZjpc=
github.com/cenkalti/backoff/v4 v4.3.0 h1:MyRJ/UdXutAwSAT+s3wNd7MfTIcy71VQueUuFK343L8=
github.com/cenkalti/backoff/v4 v4.3.0/go.mod h1:Y3VNntkOUPxTVeUxJ/G5vcM//AlwfmyYozVcomhLiZE=
github.com/charmbracelet/bubbles v0.18.0 h1:PYv1A036luoBGroX6VWjQIE9Syf2Wby2oOl/39KLfy0=
github.com/charmbracelet/bubbles v0.18.0/go.mod h1:08qhZhtIwzgrtBjAcJnij1t1H0ZRjwHyGsy6AL11PSw=
github.com/charmbracelet/bubbletea v0.26.4 h1:2gDkkzLZaTjMl/dQBpNVtnvcCxsh/FCkimep7FC9c40=
github.com/charmbracelet/bubbletea v0.26.4/go.mod h1:P+r+RRA5qtI1DOHNFn0otoNwB4rn+zNAzSj/EXz6xU0=
github.com/charmbracelet/glamour v0.7.0 h1:2BtKGZ4iVJCDfMF229EzbeR1QRKLWztO9dMtjmqZSng=
github.com/charmbracelet/glamour v0.7.0/go.mod h1:jUMh5MeihljJPQbJ/wf4ldw2+yBP59+ctV36jASy7ps=
github.com/charmbracelet/huh v0.4.2 h1:5wLkwrA58XDAfEZsJzNQlfJ+K8N9+wYwvR5FOM7jXFM=
github.com/charmbracelet/huh v0.4.2/go.mod h1:g9OXBgtY3zRV4ahnVih9bZE+1yGYN+y2C9Q6L2P+WM0=
github.com/charmbracelet/lipgloss v0.11.0 h1:UoAcbQ6Qml8hDwSWs0Y1cB5TEQuZkDPH/ZqwWWYTG4g=
github.com/charmbracelet/lipgloss v0.11.0/go.mod h1:1UdRTH9gYgpcdNN5oBtjbu/IzNKtzVtb7sqN1t9LNn8=
github.com/charmbracelet/x/ansi v0.1.2 h1:6+LR39uG8DE6zAmbu023YlqjJHkYXDF1z36ZwzO4xZY=
github.com/charmbracelet/x/ansi v0.1.2/go.mod h1:dk73KoMTT5AX5BsX0KrqhsTqAnhZZoCBjs7dGWp4Ktw=
github.com/charmbracelet/x/exp/strings v0.0.0-20240524151031-ff83003bf67a h1:lOpqe2UvPmlln41DGoii7wlSZ/q8qGIon5JJ8Biu46I=
github.com/charmbracelet/x/exp/strings v0.0.0-20240524151031-ff83003bf67a/go.mod h1:pBhA0ybfXv6hDjQUZ7hk1lVxBiUbupdw5R31yPUViVQ=
github.com/charmbracelet/x/exp/term v0.0.0-20240524151031-ff83003bf67a h1:k/s6UoOSVynWiw7PlclyGO2VdVs5ZLbMIHiGp4shFZE=
github.com/charmbracelet/x/exp/term v0.0.0-20240524151031-ff83003bf67a/go.mod h1:YBotIGhfoWhHDlnUpJMkjebGV2pdGRCn1Y4/Nk/vVcU=
github.com/charmbracelet/x/input v0.1.1 h1:YDOJaTUKCqtGnq9PHzx3pkkl4pXDOANUHmhH3DqMtM4=
github.com/charmbracelet/x/input v0.1.1/go.mod h1:jvdTVUnNWj/RD6hjC4FsoB0SeZCJ2ZBkiuFP9zXvZI0=
github.com/charmbracelet/x/term v0.1.1 h1:3cosVAiPOig+EV4X9U+3LDgtwwAoEzJjNdwbXDjF6yI=
github.com/charmbracelet/x/term v0.1.1/go.mod h1:wB1fHt5ECsu3mXYusyzcngVWWlu1KKUmmLhfgr/Flxw=
github.com/charmbracelet/x/windows v0.1.2 h1:Iumiwq2G+BRmgoayww/qfcvof7W/3uLoelhxojXlRWg=
github.com/charmbracelet/x/windows v0.1.2/go.mod h1:GLEO/l+lizvFDBPLIOk+49gdX49L9YWMB5t+DZd0jkQ=
github.com/cpuguy83/go-md2man/v2 v2.0.3/go.mod h1:tgQtvFlXSQOSOSIRvRPT7W67SCa46tRHOmNcaadrF8o=
github.com/davecgh/go-spew v1.1.0/go.mod h1:J7Y8YcW2NihsgmVo/mv3lAwl/skON4iLHjSsI+c5H38=
github.com/davecgh/go-spew v1.1.1/go.mod h1:J7Y8YcW2NihsgmVo/mv3lAwl/skON4iLHjSsI+c5H38=
github.com/davecgh/go-spew v1.1.2-0.20180830191138-d8f796af33cc h1:U9qPSI2PIWSS1VwoXQT9A3Wy9MM3WgvqSxFWenqJduM=
github.com/davecgh/go-spew v1.1.2-0.20180830191138-d8f796af33cc/go.mod h1:J7Y8YcW2NihsgmVo/mv3lAwl/skON4iLHjSsI+c5H38=
github.com/dlclark/regexp2 v1.4.0 h1:F1rxgk7p4uKjwIQxBs9oAXe5CqrXlCduYEJvrF4u93E=
github.com/dlclark/regexp2 v1.4.0/go.mod h1:2pZnwuY/m+8K6iRw6wQdMtk+rH5tNGR1i55kozfMjCc=
github.com/dustin/go-humanize v1.0.1 h1:GzkhY7T5VNhEkwH0PVJgjz+fX1rhBrR7pRT3mDkpeCY=
github.com/dustin/go-humanize v1.0.1/go.mod h1:Mu1zIs6XwVuF/gI1OepvI0qD18qycQx+mFykh5fBlto=
github.com/erikgeiser/coninput v0.0.0-20211004153227-1c3628e74d0f h1:Y/CXytFA4m6baUTXGLOoWe4PQhGxaX0KpnayAqC48p4=
github.com/erikgeiser/coninput v0.0.0-20211004153227-1c3628e74d0f/go.mod h1:vw97MGsxSvLiUE2X8qFplwetxpGLQrlU1Q9AUEIzCaM=
github.com/felixge/httpsnoop v1.0.4 h1:NFTV2Zj1bL4mc9sqWACXbQFVBBg2W3GPvqp8/ESS2Wg=
github.com/felixge/httpsnoop v1.0.4/go.mod h1:m8KPJKqk1gH5J9DgRY2ASl2lWCfGKXixSwevea8zH2U=
github.com/frankban/quicktest v1.14.6 h1:7Xjx+VpznH+oBnejlPUj8oUpdxnVs4f8XU8WnHkI4W8=
github.com/frankban/quicktest v1.14.6/go.mod h1:4ptaffx2x8+WTWXmUCuVU6aPUX1/Mz7zb5vbUoiM6w0=
github.com/fsnotify/fsnotify v1.7.0 h1:8JEhPFa5W2WU7YfeZzPNqzMP6Lwt7L2715Ggo0nosvA=
github.com/fsnotify/fsnotify v1.7.0/go.mod h1:40Bi/Hjc2AVfZrqy+aj+yEI+/bRxZnMJyTJwOpGvigM=
github.com/getsentry/sentry-go v0.28.1 h1:zzaSm/vHmGllRM6Tpx1492r0YDzauArdBfkJRtY6P5k=
github.com/getsentry/sentry-go v0.28.1/go.mod h1:1fQZ+7l7eeJ3wYi82q5Hg8GqAPgefRq+FP/QhafYVgg=
github.com/go-errors/errors v1.4.2 h1:J6MZopCL4uSllY1OfXM374weqZFFItUbrImctkmUxIA=
github.com/go-errors/errors v1.4.2/go.mod h1:sIVyrIiJhuEF+Pj9Ebtd6P/rEYROXFi3BopGUQ5a5Og=
github.com/go-jose/go-jose/v4 v4.0.2 h1:R3l3kkBds16bO7ZFAEEcofK0MkrAJt3jlJznWZG0nvk=
github.com/go-jose/go-jose/v4 v4.0.2/go.mod h1:WVf9LFMHh/QVrmqrOfqun0C45tMe3RoiKJMPvgWwLfY=
github.com/go-logr/logr v1.2.2/go.mod h1:jdQByPbusPIv2/zmleS9BjJVeZ6kBagPoEUsqbVz/1A=
github.com/go-logr/logr v1.4.2 h1:6pFjapn8bFcIbiKo3XT4j/BhANplGihG6tvd+8rYgrY=
github.com/go-logr/logr v1.4.2/go.mod h1:9T104GzyrTigFIr8wt5mBrctHMim0Nb2HLGrmQ40KvY=
github.com/go-logr/stdr v1.2.2 h1:hSWxHoqTgW2S2qGc0LTAI563KZ5YKYRhT3MFKZMbjag=
github.com/go-logr/stdr v1.2.2/go.mod h1:mMo/vtBO5dYbehREoey6XUKy/eSumjCCveDpRre4VKE=
github.com/google/btree v1.1.2 h1:xf4v41cLI2Z6FxbKm+8Bu+m8ifhj15JuZ9sa0jZCMUU=
github.com/google/btree v1.1.2/go.mod h1:qOPhT0dTNdNzV6Z/lhRX0YXUafgPLFUh+gZMl761Gm4=
github.com/google/go-cmp v0.6.0 h1:ofyhxvXcZhMsU5ulbFiLKl/XBFqE1GSq7atu8tAmTRI=
github.com/google/go-cmp v0.6.0/go.mod h1:17dUlkBOakJ0+DkrSSNjCkIjxS6bF9zb3elmeNGIjoY=
github.com/google/uuid v1.6.0 h1:NIvaJDMOsjHA8n1jAhLSgzrAzy1Hgr+hNrb57e+94F0=
github.com/google/uuid v1.6.0/go.mod h1:TIyPZe4MgqvfeYDBFedMoGGpEw/LqOeaOT+nhxU+yHo=
github.com/goombaio/namegenerator v0.0.0-20181006234301-989e774b106e h1:XmA6L9IPRdUr28a+SK/oMchGgQy159wvzXA5tJ7l+40=
github.com/goombaio/namegenerator v0.0.0-20181006234301-989e774b106e/go.mod h1:AFIo+02s+12CEg8Gzz9kzhCbmbq6JcKNrhHffCGA9z4=
github.com/gorilla/css v1.0.0 h1:BQqNyPTi50JCFMTw/b67hByjMVXZRwGha6wxVGkeihY=
github.com/gorilla/css v1.0.0/go.mod h1:Dn721qIggHpt4+EFCcTLTU/vk5ySda2ReITrtgBl60c=
github.com/grpc-ecosystem/grpc-gateway/v2 v2.20.0 h1:bkypFPDjIYGfCYD5mRBvpqxfYX1YCS1PXdKYWi8FsN0=
github.com/grpc-ecosystem/grpc-gateway/v2 v2.20.0/go.mod h1:P+Lt/0by1T8bfcF3z737NnSbmxQAppXMRziHUxPOC8k=
github.com/hashicorp/hcl v1.0.0 h1:0Anlzjpi4vEasTeNFn2mLJgTSwt0+6sfsiTG8qcWGx4=
github.com/hashicorp/hcl v1.0.0/go.mod h1:E5yfLk+7swimpb2L/Alb/PJmXilQ/rhwaUYs4T20WEQ=
github.com/hexops/gotextdiff v1.0.3 h1:gitA9+qJrrTCsiCl7+kh75nPqQt1cx4ZkudSTLoUqJM=
github.com/hexops/gotextdiff v1.0.3/go.mod h1:pSWU5MAI3yDq+fZBTazCSJysOMbxWL1BSow5/V2vxeg=
github.com/iancoleman/strcase v0.2.0 h1:05I4QRnGpI0m37iZQRuskXh+w77mr6Z41lwQzuHLwW0=
github.com/iancoleman/strcase v0.2.0/go.mod h1:iwCmte+B7n89clKwxIoIXy/HfoL7AsD47ZCWhYzw7ho=
github.com/inconshreveable/mousetrap v1.1.0 h1:wN+x4NVGpMsO7ErUn/mUI3vEoE6Jt13X2s0bqwp9tc8=
github.com/inconshreveable/mousetrap v1.1.0/go.mod h1:vpF70FUmC8bwa3OWnCshd2FqLfsEA9PFc4w1p2J65bw=
github.com/jarcoal/httpmock v1.3.0 h1:2RJ8GP0IIaWwcC9Fp2BmVi8Kog3v2Hn7VXM3fTd+nuc=
github.com/jarcoal/httpmock v1.3.0/go.mod h1:3yb8rc4BI7TCBhFY8ng0gjuLKJNquuDNiPaZjnENuYg=
github.com/jedib0t/go-pretty/v6 v6.5.9 h1:ACteMBRrrmm1gMsXe9PSTOClQ63IXDUt03H5U+UV8OU=
github.com/jedib0t/go-pretty/v6 v6.5.9/go.mod h1:zbn98qrYlh95FIhwwsbIip0LYpwSG8SUOScs+v9/t0E=
github.com/jmespath/go-jmespath v0.4.0 h1:BEgLn5cpjn8UN1mAw4NjwDrS35OdebyEtFe+9YPoQUg=
github.com/jmespath/go-jmespath v0.4.0/go.mod h1:T8mJZnbsbmF+m6zOOFylbeCJqk5+pHWvzYPziyZiYoo=
github.com/jmespath/go-jmespath/internal/testify v1.5.1 h1:shLQSRRSCCPj3f2gpwzGwWFoC7ycTf1rcQZHOlsJ6N8=
github.com/jmespath/go-jmespath/internal/testify v1.5.1/go.mod h1:L3OGu8Wl2/fWfCI6z80xFu9LTZmf1ZRjMHUOPmWr69U=
github.com/klauspost/compress v1.17.8 h1:YcnTYrq7MikUT7k0Yb5eceMmALQPYBW/Xltxn0NAMnU=
github.com/klauspost/compress v1.17.8/go.mod h1:Di0epgTjJY877eYKx5yC51cX2A2Vl2ibi7bDH9ttBbw=
github.com/kr/pretty v0.3.1 h1:flRD4NNwYAUpkphVc1HcthR4KEIFJ65n8Mw5qdRn3LE=
github.com/kr/pretty v0.3.1/go.mod h1:hoEshYVHaxMs3cyo3Yncou5ZscifuDolrwPKZanG3xk=
github.com/kr/text v0.2.0 h1:5Nx0Ya0ZqY2ygV366QzturHI13Jq95ApcVaJBhpS+AY=
github.com/kr/text v0.2.0/go.mod h1:eLer722TekiGuMkidMxC/pM04lWEeraHUUmBw8l2grE=
github.com/lucasb-eyer/go-colorful v1.2.0 h1:1nnpGOrhyZZuNyfu1QjKiUICQ74+3FNCN69Aj6K7nkY=
github.com/lucasb-eyer/go-colorful v1.2.0/go.mod h1:R4dSotOR9KMtayYi1e77YzuveK+i7ruzyGqttikkLy0=
github.com/magiconair/properties v1.8.7 h1:IeQXZAiQcpL9mgcAe1Nu6cX9LLw6ExEHKjN0VQdvPDY=
github.com/magiconair/properties v1.8.7/go.mod h1:Dhd985XPs7jluiymwWYZ0G4Z61jb3vdS329zhj2hYo0=
github.com/mattn/go-isatty v0.0.20 h1:xfD0iDuEKnDkl03q4limB+vH+GxLEtL/jb4xVJSWWEY=
github.com/mattn/go-isatty v0.0.20/go.mod h1:W+V8PltTTMOvKvAeJH7IuucS94S2C6jfK/D7dTCTo3Y=
github.com/mattn/go-localereader v0.0.1 h1:ygSAOl7ZXTx4RdPYinUpg6W99U8jWvWi9Ye2JC/oIi4=
github.com/mattn/go-localereader v0.0.1/go.mod h1:8fBrzywKY7BI3czFoHkuzRoWE9C+EiG4R1k4Cjx5p88=
github.com/mattn/go-runewidth v0.0.9/go.mod h1:H031xJmbD/WCDINGzjvQ9THkh0rPKHF+m2gUSrubnMI=
github.com/mattn/go-runewidth v0.0.12/go.mod h1:RAqKPSqVFrSLVXbA8x7dzmKdmGzieGRCM46jaSJTDAk=
github.com/mattn/go-runewidth v0.0.15 h1:UNAjwbU9l54TA3KzvqLGxwWjHmMgBUVhBiTjelZgg3U=
github.com/mattn/go-runewidth v0.0.15/go.mod h1:Jdepj2loyihRzMpdS35Xk/zdY8IAYHsh153qUoGf23w=
github.com/microcosm-cc/bluemonday v1.0.25 h1:4NEwSfiJ+Wva0VxN5B8OwMicaJvD8r9tlJWm9rtloEg=
github.com/microcosm-cc/bluemonday v1.0.25/go.mod h1:ZIOjCQp1OrzBBPIJmfX4qDYFuhU02nx4bn030ixfHLE=
github.com/miekg/dns v1.1.61 h1:nLxbwF3XxhwVSm8g9Dghm9MHPaUZuqhPiGL+675ZmEs=
github.com/miekg/dns v1.1.61/go.mod h1:mnAarhS3nWaW+NVP2wTkYVIZyHNJ098SJZUki3eykwQ=
github.com/minio/highwayhash v1.0.2 h1:Aak5U0nElisjDCfPSG79Tgzkn2gl66NxOMspRrKnA/g=
github.com/minio/highwayhash v1.0.2/go.mod h1:BQskDq+xkJ12lmlUUi7U0M5Swg3EWR+dLTk+kldvVxY=
github.com/mitchellh/go-homedir v1.1.0 h1:lukF9ziXFxDFPkA1vsr5zpc1XuPDn/wFntq5mG+4E0Y=
github.com/mitchellh/go-homedir v1.1.0/go.mod h1:SfyaCUpYCn1Vlf4IUYiD9fPX4A5wJrkLzIz1N1q0pr0=
github.com/mitchellh/mapstructure v1.5.0 h1:jeMsZIYE/09sWLaz43PL7Gy6RuMjD2eJVyuac5Z2hdY=
github.com/mitchellh/mapstructure v1.5.0/go.mod h1:bFUtVrKA4DC2yAKiSyO/QUcy7e+RRV2QTWOzhPopBRo=
github.com/muesli/ansi v0.0.0-20230316100256-276c6243b2f6 h1:ZK8zHtRHOkbHy6Mmr5D264iyp3TiX5OmNcI5cIARiQI=
github.com/muesli/ansi v0.0.0-20230316100256-276c6243b2f6/go.mod h1:CJlz5H+gyd6CUWT45Oy4q24RdLyn7Md9Vj2/ldJBSIo=
github.com/muesli/cancelreader v0.2.2 h1:3I4Kt4BQjOR54NavqnDogx/MIoWBFa0StPA8ELUXHmA=
github.com/muesli/cancelreader v0.2.2/go.mod h1:3XuTXfFS2VjM+HTLZY9Ak0l6eUKfijIfMUZ4EgX0QYo=
github.com/muesli/reflow v0.3.0 h1:IFsN6K9NfGtjeggFP+68I4chLZV2yIKsXJFNZ+eWh6s=
github.com/muesli/reflow v0.3.0/go.mod h1:pbwTDkVPibjO2kyvBQRBxTWEEGDGq0FlB1BIKtnHY/8=
github.com/muesli/termenv v0.15.2 h1:GohcuySI0QmI3wN8Ok9PtKGkgkFIk7y6Vpb5PvrY+Wo=
github.com/muesli/termenv v0.15.2/go.mod h1:Epx+iuz8sNs7mNKhxzH4fWXGNpZwUaJKRS1noLXviQ8=
github.com/nats-io/jwt/v2 v2.5.7 h1:j5lH1fUXCnJnY8SsQeB/a/z9Azgu2bYIDvtPVNdxe2c=
github.com/nats-io/jwt/v2 v2.5.7/go.mod h1:ZdWS1nZa6WMZfFwwgpEaqBV8EPGVgOTDHN/wTbz0Y5A=
github.com/nats-io/nats-server/v2 v2.10.16 h1:2jXaiydp5oB/nAx/Ytf9fdCi9QN6ItIc9eehX8kwVV0=
github.com/nats-io/nats-server/v2 v2.10.16/go.mod h1:Pksi38H2+6xLe1vQx0/EA4bzetM0NqyIHcIbmgXSkIU=
github.com/nats-io/nats.go v1.35.0 h1:XFNqNM7v5B+MQMKqVGAyHwYhyKb48jrenXNxIU20ULk=
github.com/nats-io/nats.go v1.35.0/go.mod h1:Ubdu4Nh9exXdSz0RVWRFBbRfrbSxOYd26oF0wkWclB8=
github.com/nats-io/nkeys v0.4.7 h1:RwNJbbIdYCoClSDNY7QVKZlyb/wfT6ugvFCiKy6vDvI=
github.com/nats-io/nkeys v0.4.7/go.mod h1:kqXRgRDPlGy7nGaEDMuYzmiJCIAAWDK0IMBtDmGD0nc=
github.com/nats-io/nuid v1.0.1 h1:5iA8DT8V7q8WK2EScv2padNa/rTESc1KdnPw4TC2paw=
github.com/nats-io/nuid v1.0.1/go.mod h1:19wcPz3Ph3q0Jbyiqsd0kePYG7A95tJPxeL+1OSON2c=
github.com/olekukonko/tablewriter v0.0.5 h1:P2Ga83D34wi1o9J6Wh1mRuqd4mF/x/lgBS7N7AbDhec=
github.com/olekukonko/tablewriter v0.0.5/go.mod h1:hPp6KlRPjbx+hW8ykQs1w3UBbZlj6HuIJcUGPhkA7kY=
github.com/openrdap/rdap v0.9.2-0.20240517203139-eb57b3a8dedd h1:UuQycBx6K0lB0/IfHePshOYjlrptkF4FoApFP2Y4s3k=
github.com/openrdap/rdap v0.9.2-0.20240517203139-eb57b3a8dedd/go.mod h1:391Ww1JbjG4FHOlvQqCd6n25CCCPE64JzC5cCYPxhyM=
github.com/overmindtech/aws-source v0.0.0-20240619093159-d7fd9f594216 h1:O9H1qv+rltR+kCI47P0ZrdtzodxDFIFVfD692F+bQls=
github.com/overmindtech/aws-source v0.0.0-20240619093159-d7fd9f594216/go.mod h1:+OenT3vSkAf9GxZnk5AxfpoaLnTFQbd53E2lKhJrmOE=
github.com/overmindtech/discovery v0.27.6 h1:p+xMEIST0fk6HfbejXR+Ea59+JA5zjCO4zvRqelRqwE=
github.com/overmindtech/discovery v0.27.6/go.mod h1:A3wvNM6VTo7qfGExWQ+fgh+NfLh35nuPJ7wF4pLYEQI=
github.com/overmindtech/sdp-go v0.75.4 h1:sQZVj/kZiu0xwNaBgthMayH9SKFEBHSUsQOqzddhyMU=
github.com/overmindtech/sdp-go v0.75.4/go.mod h1:i40e0oDptypYGg/4YvzmnBrinSBJ3/C2WaAI4zO3A3E=
github.com/overmindtech/sdpcache v1.6.4 h1:MJoYBDqDE3s8FrRzZ0RPgFiH39HWI/Mv2ImH1NdLT8k=
github.com/overmindtech/sdpcache v1.6.4/go.mod h1:/F9XStVdntRJEQjlZ86BPuB1Y7VPo1PFcsCNiU1IoGE=
github.com/overmindtech/stdlib-source v0.0.0-20240617063011-dc9a65b6c5e1 h1:oUWyRsWAByXTsddUHjh5Tn3pzDzDxtjLgtOZRjJF/xU=
github.com/overmindtech/stdlib-source v0.0.0-20240617063011-dc9a65b6c5e1/go.mod h1:ZVqIE3P0pdRK+tO8KPcfWeXbPjNuuGCD9/dzzBs0Hm0=
github.com/pelletier/go-toml/v2 v2.2.2 h1:aYUidT7k73Pcl9nb2gScu7NSrKCSHIDE89b3+6Wq+LM=
github.com/pelletier/go-toml/v2 v2.2.2/go.mod h1:1t835xjRzz80PqgE6HHgN2JOsmgYu/h4qDAS4n929Rs=
github.com/pingcap/errors v0.11.4 h1:lFuQV/oaUMGcD2tqt+01ROSmJs75VG1ToEOkZIZ4nE4=
github.com/pingcap/errors v0.11.4/go.mod h1:Oi8TUi2kEtXXLMJk9l1cGmz20kV3TaQ0usTwv5KuLY8=
github.com/pkg/browser v0.0.0-20240102092130-5ac0b6a4141c h1:+mdjkGKdHQG3305AYmdv1U2eRNDiU2ErMBj1gwrq8eQ=
github.com/pkg/browser v0.0.0-20240102092130-5ac0b6a4141c/go.mod h1:7rwL4CYBLnjLxUqIJNnCWiEdr3bn6IUYi15bNlnbCCU=
github.com/pkg/errors v0.9.1 h1:FEBLx1zS214owpjy7qsBeixbURkuhQAwrK5UwLGTwt4=
github.com/pkg/errors v0.9.1/go.mod h1:bwawxfHBFNV+L2hUp1rHADufV3IMtnDRdf1r5NINEl0=
github.com/pmezard/go-difflib v1.0.0/go.mod h1:iKH77koFhYxTK1pcRnkKkqfTogsbg7gZNVY4sRDYZ/4=
github.com/pmezard/go-difflib v1.0.1-0.20181226105442-5d4384ee4fb2 h1:Jamvg5psRIccs7FGNTlIRMkT8wgtp5eCXdBlqhYGL6U=
github.com/pmezard/go-difflib v1.0.1-0.20181226105442-5d4384ee4fb2/go.mod h1:iKH77koFhYxTK1pcRnkKkqfTogsbg7gZNVY4sRDYZ/4=
github.com/rivo/uniseg v0.1.0/go.mod h1:J6wj4VEh+S6ZtnVlnTBMWIodfgj8LQOQFoIToxlJtxc=
github.com/rivo/uniseg v0.2.0/go.mod h1:J6wj4VEh+S6ZtnVlnTBMWIodfgj8LQOQFoIToxlJtxc=
github.com/rivo/uniseg v0.4.7 h1:WUdvkW8uEhrYfLC4ZzdpI2ztxP1I582+49Oc5Mq64VQ=
github.com/rivo/uniseg v0.4.7/go.mod h1:FN3SvrM+Zdj16jyLfmOkMNblXMcoc8DfTHruCPUcx88=
github.com/rogpeppe/go-internal v1.12.0 h1:exVL4IDcn6na9z1rAb56Vxr+CgyK3nn3O+epU5NdKM8=
github.com/rogpeppe/go-internal v1.12.0/go.mod h1:E+RYuTGaKKdloAfM02xzb0FW3Paa99yedzYV+kq4uf4=
github.com/russross/blackfriday/v2 v2.1.0/go.mod h1:+Rmxgy9KzJVeS9/2gXHxylqXiyQDYRxCVz55jmeOWTM=
github.com/sagikazarmark/locafero v0.4.0 h1:HApY1R9zGo4DBgr7dqsTH/JJxLTTsOt7u6keLGt6kNQ=
github.com/sagikazarmark/locafero v0.4.0/go.mod h1:Pe1W6UlPYUk/+wc/6KFhbORCfqzgYEpgQ3O5fPuL3H4=
github.com/sagikazarmark/slog-shim v0.1.0 h1:diDBnUNK9N/354PgrxMywXnAwEr1QZcOr6gto+ugjYE=
github.com/sagikazarmark/slog-shim v0.1.0/go.mod h1:SrcSrq8aKtyuqEI1uvTDTK1arOWRIczQRv+GVI1AkeQ=
github.com/sirupsen/logrus v1.9.3 h1:dueUQJ1C2q9oE3F7wvmSGAaVtTmUizReu6fjN8uqzbQ=
github.com/sirupsen/logrus v1.9.3/go.mod h1:naHLuLoDiP4jHNo9R0sCBMtWGeIprob74mVsIT4qYEQ=
github.com/sourcegraph/conc v0.3.0 h1:OQTbbt6P72L20UqAkXXuLOj79LfEanQ+YQFNpLA9ySo=
github.com/sourcegraph/conc v0.3.0/go.mod h1:Sdozi7LEKbFPqYX2/J+iBAM6HpqSLTASQIKqDmF7Mt0=
github.com/spf13/afero v1.11.0 h1:WJQKhtpdm3v2IzqG8VMqrr6Rf3UYpEF239Jy9wNepM8=
github.com/spf13/afero v1.11.0/go.mod h1:GH9Y3pIexgf1MTIWtNGyogA5MwRIDXGUr+hbWNoBjkY=
github.com/spf13/cast v1.6.0 h1:GEiTHELF+vaR5dhz3VqZfFSzZjYbgeKDpBxQVS4GYJ0=
github.com/spf13/cast v1.6.0/go.mod h1:ancEpBxwJDODSW/UG4rDrAqiKolqNNh2DX3mk86cAdo=
github.com/spf13/cobra v1.8.0 h1:7aJaZx1B85qltLMc546zn58BxxfZdR/W22ej9CFoEf0=
github.com/spf13/cobra v1.8.0/go.mod h1:WXLWApfZ71AjXPya3WOlMsY9yMs7YeiHhFVlvLyhcho=
github.com/spf13/pflag v1.0.5 h1:iy+VFUOCP1a+8yFto/drg2CJ5u0yRoB7fZw3DKv/JXA=
github.com/spf13/pflag v1.0.5/go.mod h1:McXfInJRrz4CZXVZOBLb0bTZqETkiAhM9Iw0y3An2Bg=
github.com/spf13/viper v1.19.0 h1:RWq5SEjt8o25SROyN3z2OrDB9l7RPd3lwTWU8EcEdcI=
github.com/spf13/viper v1.19.0/go.mod h1:GQUN9bilAbhU/jgc1bKs99f/suXKeUMct8Adx5+Ntkg=
github.com/stretchr/objx v0.1.0/go.mod h1:HFkY916IF+rwdDfMAkV7OtwuqBVzrE8GR6GFx+wExME=
github.com/stretchr/objx v0.4.0/go.mod h1:YvHI0jy2hoMjB+UWwv71VJQ9isScKT/TqJzVSSt89Yw=
github.com/stretchr/objx v0.5.0/go.mod h1:Yh+to48EsGEfYuaHDzXPcE3xhTkx73EhmCGUpEOglKo=
github.com/stretchr/objx v0.5.2/go.mod h1:FRsXN1f5AsAjCGJKqEizvkpNtU+EGNCLh3NxZ/8L+MA=
github.com/stretchr/testify v1.4.0/go.mod h1:j7eGeouHqKxXV5pUuKE4zz7dFj8WfuZ+81PSLYec5m4=
github.com/stretchr/testify v1.7.0/go.mod h1:6Fq8oRcR53rry900zMqJjRRixrwX3KX962/h/Wwjteg=
github.com/stretchr/testify v1.7.1/go.mod h1:6Fq8oRcR53rry900zMqJjRRixrwX3KX962/h/Wwjteg=
github.com/stretchr/testify v1.8.0/go.mod h1:yNjHg4UonilssWZ8iaSj1OCr/vHnekPRkoO+kdMU+MU=
github.com/stretchr/testify v1.8.4/go.mod h1:sz/lmYIOXD/1dqDmKjjqLyZ2RngseejIcXlSw2iwfAo=
github.com/stretchr/testify v1.9.0 h1:HtqpIVDClZ4nwg75+f6Lvsy/wHu+3BoSGCbBAcpTsTg=
github.com/stretchr/testify v1.9.0/go.mod h1:r2ic/lqez/lEtzL7wO/rwa5dbSLXVDPFyf8C91i36aY=
github.com/subosito/gotenv v1.6.0 h1:9NlTDc1FTs4qu0DDq7AEtTPNw6SVm7uBMsUCUjABIf8=
github.com/subosito/gotenv v1.6.0/go.mod h1:Dk4QP5c2W3ibzajGcXpNraDfq2IrhjMIvMSWPKKo0FU=
github.com/ttacon/chalk v0.0.0-20160626202418-22c06c80ed31 h1:OXcKh35JaYsGMRzpvFkLv/MEyPuL49CThT1pZ8aSml4=
github.com/ttacon/chalk v0.0.0-20160626202418-22c06c80ed31/go.mod h1:onvgF043R+lC5RZ8IT9rBXDaEDnpnw/Cl+HFiw+v/7Q=
github.com/uptrace/opentelemetry-go-extra/otellogrus v0.3.1 h1:sApVqiPa+lFhsIzREHhSOH2WctSNYaSet1dBC6L1OcM=
github.com/uptrace/opentelemetry-go-extra/otellogrus v0.3.1/go.mod h1:y5+uFBQU6m6ZUexR31pR0OTYDCrJ735Du/y3aAuYlzs=
github.com/uptrace/opentelemetry-go-extra/otelutil v0.3.1 h1:Suvl9fe12MM0oi8/rcGxlGd7XawNQawU369aHzZFFec=
github.com/uptrace/opentelemetry-go-extra/otelutil v0.3.1/go.mod h1:aiX/F5+EYbY2ed2OQEYRXzMcNGvI9pip5gW2ZtBDers=
github.com/xhit/go-str2duration/v2 v2.1.0 h1:lxklc02Drh6ynqX+DdPyp5pCKLUQpRT8bp8Ydu2Bstc=
github.com/xhit/go-str2duration/v2 v2.1.0/go.mod h1:ohY8p+0f07DiV6Em5LKB0s2YpLtXVyJfNt1+BlmyAsU=
github.com/xiam/dig v0.0.0-20191116195832-893b5fb5093b h1:ajy6PPLDeQaf7xf4P/4Ie/wsUTEqjy3Irl+xFelmjk0=
github.com/xiam/dig v0.0.0-20191116195832-893b5fb5093b/go.mod h1:TkoiLoIgvAxmagjbnKWq18F2VlqnIcqAx/HzmFAqXNU=
github.com/xiam/to v0.0.0-20191116183551-8328998fc0ed/go.mod h1:cqbG7phSzrbdg3aj+Kn63bpVruzwDZi58CpxlZkjwzw=
github.com/xiam/to v0.0.0-20200126224905-d60d31e03561 h1:SVoNK97S6JlaYlHcaC+79tg3JUlQABcc0dH2VQ4Y+9s=
github.com/xiam/to v0.0.0-20200126224905-d60d31e03561/go.mod h1:cqbG7phSzrbdg3aj+Kn63bpVruzwDZi58CpxlZkjwzw=
github.com/xo/terminfo v0.0.0-20220910002029-abceb7e1c41e h1:JVG44RsyaB9T2KIHavMF/ppJZNG9ZpyihvCd0w101no=
github.com/xo/terminfo v0.0.0-20220910002029-abceb7e1c41e/go.mod h1:RbqR21r5mrJuqunuUZ/Dhy/avygyECGrLceyNeo4LiM=
github.com/yuin/goldmark v1.3.7/go.mod h1:mwnBkeHKe2W/ZEtQ+71ViKU8L12m81fl3OWwC1Zlc8k=
github.com/yuin/goldmark v1.5.4 h1:2uY/xC0roWy8IBEGLgB1ywIoEJFGmRrX21YQcvGZzjU=
github.com/yuin/goldmark v1.5.4/go.mod h1:6yULJ656Px+3vBD8DxQVa3kxgyrAnzto9xy5taEt/CY=
github.com/yuin/goldmark-emoji v1.0.2 h1:c/RgTShNgHTtc6xdz2KKI74jJr6rWi7FPgnP9GAsO5s=
github.com/yuin/goldmark-emoji v1.0.2/go.mod h1:RhP/RWpexdp+KHs7ghKnifRoIs/Bq4nDS7tRbCkOwKY=
go.opentelemetry.io/contrib/detectors/aws/ec2 v1.27.0 h1:2oXgMydpWzhOqyJ/0BTZ8zo8jF9+/krTYuXzwSMsAsE=
go.opentelemetry.io/contrib/detectors/aws/ec2 v1.27.0/go.mod h1:KVHXHGz/4WiLy0UhQen6Wzd4KhSrau3C3kSsGLb3Yk4=
go.opentelemetry.io/contrib/instrumentation/net/http/otelhttp v0.52.0 h1:9l89oX4ba9kHbBol3Xin3leYJ+252h0zszDtBwyKe2A=
go.opentelemetry.io/contrib/instrumentation/net/http/otelhttp v0.52.0/go.mod h1:XLZfZboOJWHNKUv7eH0inh0E9VV6eWDFB/9yJyTLPp0=
go.opentelemetry.io/otel v1.27.0 h1:9BZoF3yMK/O1AafMiQTVu0YDj5Ea4hPhxCs7sGva+cg=
go.opentelemetry.io/otel v1.27.0/go.mod h1:DMpAK8fzYRzs+bi3rS5REupisuqTheUlSZJ1WnZaPAQ=
go.opentelemetry.io/otel/exporters/otlp/otlptrace v1.27.0 h1:R9DE4kQ4k+YtfLI2ULwX82VtNQ2J8yZmA7ZIF/D+7Mc=
go.opentelemetry.io/otel/exporters/otlp/otlptrace v1.27.0/go.mod h1:OQFyQVrDlbe+R7xrEyDr/2Wr67Ol0hRUgsfA+V5A95s=
go.opentelemetry.io/otel/exporters/otlp/otlptrace/otlptracehttp v1.27.0 h1:QY7/0NeRPKlzusf40ZE4t1VlMKbqSNT7cJRYzWuja0s=
go.opentelemetry.io/otel/exporters/otlp/otlptrace/otlptracehttp v1.27.0/go.mod h1:HVkSiDhTM9BoUJU8qE6j2eSWLLXvi1USXjyd2BXT8PY=
go.opentelemetry.io/otel/exporters/stdout/stdouttrace v1.27.0 h1:/0YaXu3755A/cFbtXp+21lkXgI0QE5avTWA2HjU9/WE=
go.opentelemetry.io/otel/exporters/stdout/stdouttrace v1.27.0/go.mod h1:m7SFxp0/7IxmJPLIY3JhOcU9CoFzDaCPL6xxQIxhA+o=
go.opentelemetry.io/otel/log v0.3.0 h1:kJRFkpUFYtny37NQzL386WbznUByZx186DpEMKhEGZs=
go.opentelemetry.io/otel/log v0.3.0/go.mod h1:ziCwqZr9soYDwGNbIL+6kAvQC+ANvjgG367HVcyR/ys=
go.opentelemetry.io/otel/metric v1.27.0 h1:hvj3vdEKyeCi4YaYfNjv2NUje8FqKqUY8IlF0FxV/ik=
go.opentelemetry.io/otel/metric v1.27.0/go.mod h1:mVFgmRlhljgBiuk/MP/oKylr4hs85GZAylncepAX/ak=
go.opentelemetry.io/otel/schema v0.0.7 h1:UslTvUtbFGmaxlpL1Z+aROrjsP7BRWt06Xxm5Ng/kAU=
go.opentelemetry.io/otel/schema v0.0.7/go.mod h1:jFb7hFFzdtEQ8R8HdbDGy4KuBctXNZwH1XJBP470kH4=
go.opentelemetry.io/otel/sdk v1.27.0 h1:mlk+/Y1gLPLn84U4tI8d3GNJmGT/eXe3ZuOXN9kTWmI=
go.opentelemetry.io/otel/sdk v1.27.0/go.mod h1:Ha9vbLwJE6W86YstIywK2xFfPjbWlCuwPtMkKdz/Y4A=
go.opentelemetry.io/otel/trace v1.27.0 h1:IqYb813p7cmbHk0a5y6pD5JPakbVfftRXABGt5/Rscw=
go.opentelemetry.io/otel/trace v1.27.0/go.mod h1:6RiD1hkAprV4/q+yd2ln1HG9GoPx39SuvvstaLBl+l4=
go.opentelemetry.io/proto/otlp v1.2.0 h1:pVeZGk7nXDC9O2hncA6nHldxEjm6LByfA2aN8IOkz94=
go.opentelemetry.io/proto/otlp v1.2.0/go.mod h1:gGpR8txAl5M03pDhMC79G6SdqNV26naRm/KDsgaHD8A=
go.uber.org/goleak v1.3.0 h1:2K3zAYmnTNqV73imy9J1T3WC+gmCePx2hEGkimedGto=
go.uber.org/goleak v1.3.0/go.mod h1:CoHD4mav9JJNrW/WLlf7HGZPjdw8EucARQHekz1X6bE=
go.uber.org/multierr v1.11.0 h1:blXXJkSxSSfBVBlC76pxqeO+LN3aDfLQo+309xJstO0=
go.uber.org/multierr v1.11.0/go.mod h1:20+QtiLqy0Nd6FdQB9TLXag12DsQkrbs3htMFfDN80Y=
golang.org/x/crypto v0.24.0 h1:mnl8DM0o513X8fdIkmyFE/5hTYxbwYOjDS/+rK6qpRI=
golang.org/x/crypto v0.24.0/go.mod h1:Z1PMYSOR5nyMcyAVAIQSKCDwalqy85Aqn1x3Ws4L5DM=
golang.org/x/exp v0.0.0-20240613232115-7f521ea00fb8 h1:yixxcjnhBmY0nkL253HFVIm0JsFHwrHdT3Yh6szTnfY=
golang.org/x/exp v0.0.0-20240613232115-7f521ea00fb8/go.mod h1:jj3sYF3dwk5D+ghuXyeI3r5MFf+NT2An6/9dOA95KSI=
golang.org/x/mod v0.18.0 h1:5+9lSbEzPSdWkH32vYPBwEpX8KwDbM52Ud9xBUvNlb0=
golang.org/x/mod v0.18.0/go.mod h1:hTbmBsO62+eylJbnUtE2MGJUyE7QWk4xUqPFrRgJ+7c=
golang.org/x/net v0.26.0 h1:soB7SVo0PWrY4vPW/+ay0jKDNScG2X9wFeYlXIvJsOQ=
golang.org/x/net v0.26.0/go.mod h1:5YKkiSynbBIh3p6iOc/vibscux0x38BZDkn8sCUPxHE=
golang.org/x/oauth2 v0.21.0 h1:tsimM75w1tF/uws5rbeHzIWxEqElMehnc+iW793zsZs=
golang.org/x/oauth2 v0.21.0/go.mod h1:XYTD2NtWslqkgxebSiOHnXEap4TF09sJSc7H1sXbhtI=
golang.org/x/sync v0.7.0 h1:YsImfSBoP9QPYL0xyKJPq0gcaJdG3rInoqxTWbfQu9M=
golang.org/x/sync v0.7.0/go.mod h1:Czt+wKu1gCyEFDUtn0jG5QVvpJ6rzVqr5aXyt9drQfk=
golang.org/x/sys v0.0.0-20210809222454-d867a43fc93e/go.mod h1:oPkhp1MJrh7nUepCBck5+mAzfO9JrbApNNgaTdGDITg=
golang.org/x/sys v0.0.0-20220715151400-c0bba94af5f8/go.mod h1:oPkhp1MJrh7nUepCBck5+mAzfO9JrbApNNgaTdGDITg=
golang.org/x/sys v0.1.0/go.mod h1:oPkhp1MJrh7nUepCBck5+mAzfO9JrbApNNgaTdGDITg=
golang.org/x/sys v0.6.0/go.mod h1:oPkhp1MJrh7nUepCBck5+mAzfO9JrbApNNgaTdGDITg=
golang.org/x/sys v0.21.0 h1:rF+pYz3DAGSQAxAu1CbC7catZg4ebC4UIeIhKxBZvws=
golang.org/x/sys v0.21.0/go.mod h1:/VUhepiaJMQUp4+oa/7Zr1D23ma6VTLIYjOOTFZPUcA=
golang.org/x/text v0.16.0 h1:a94ExnEXNtEwYLGJSIUxnWoxoRz/ZcCsV63ROupILh4=
golang.org/x/text v0.16.0/go.mod h1:GhwF1Be+LQoKShO3cGOHzqOgRrGaYc9AvblQOmPVHnI=
golang.org/x/time v0.5.0 h1:o7cqy6amK/52YcAKIPlM3a+Fpj35zvRj2TP+e1xFSfk=
golang.org/x/time v0.5.0/go.mod h1:3BpzKBy/shNhVucY/MWOyx10tF3SFh9QdLuxbVysPQM=
golang.org/x/tools v0.22.0 h1:gqSGLZqv+AI9lIQzniJ0nZDRG5GBPsSi+DRNHWNz6yA=
golang.org/x/tools v0.22.0/go.mod h1:aCwcsjqvq7Yqt6TNyX7QMU2enbQ/Gt0bo6krSeEri+c=
google.golang.org/genproto/googleapis/api v0.0.0-20240520151616-dc85e6b867a5 h1:P8OJ/WCl/Xo4E4zoe4/bifHpSmmKwARqyqE4nW6J2GQ=
google.golang.org/genproto/googleapis/api v0.0.0-20240520151616-dc85e6b867a5/go.mod h1:RGnPtTG7r4i8sPlNyDeikXF99hMM+hN6QMm4ooG9g2g=
google.golang.org/genproto/googleapis/rpc v0.0.0-20240515191416-fc5f0ca64291 h1:AgADTJarZTBqgjiUzRgfaBchgYB3/WFTC80GPwsMcRI=
google.golang.org/genproto/googleapis/rpc v0.0.0-20240515191416-fc5f0ca64291/go.mod h1:EfXuqaE1J41VCDicxHzUDm+8rk+7ZdXzHV0IhO/I6s0=
google.golang.org/grpc v1.64.0 h1:KH3VH9y/MgNQg1dE7b3XfVK0GsPSIzJwdF617gUSbvY=
google.golang.org/grpc v1.64.0/go.mod h1:oxjF8E3FBnjp+/gVFYdWacaLDx9na1aqy9oovLpxQYg=
google.golang.org/protobuf v1.34.2 h1:6xV6lTsCfpGD21XK49h7MhtcApnLqkfYgPcdHftf6hg=
google.golang.org/protobuf v1.34.2/go.mod h1:qYOHts0dSfpeUzUFpOMr/WGzszTmLH+DiWniOlNbLDw=
gopkg.in/check.v1 v0.0.0-20161208181325-20d25e280405/go.mod h1:Co6ibVJAznAaIkqp8huTwlJQCZ016jof/cbN4VW5Yz0=
gopkg.in/check.v1 v1.0.0-20201130134442-10cb98267c6c h1:Hei/4ADfdWqJk1ZMxUNpqntNwaWcugrBjAiHlqqRiVk=
gopkg.in/check.v1 v1.0.0-20201130134442-10cb98267c6c/go.mod h1:JHkPIbrfpd72SG/EVd6muEfDQjcINNoR0C8j2r3qZ4Q=
gopkg.in/go-jose/go-jose.v2 v2.6.3 h1:nt80fvSDlhKWQgSWyHyy5CfmlQr+asih51R8PTWNKKs=
gopkg.in/go-jose/go-jose.v2 v2.6.3/go.mod h1:zzZDPkNNw/c9IE7Z9jr11mBZQhKQTMzoEEIoEdZlFBI=
gopkg.in/ini.v1 v1.67.0 h1:Dgnx+6+nfE+IfzjUEISNeydPJh9AXNNsWbGP9KzCsOA=
gopkg.in/ini.v1 v1.67.0/go.mod h1:pNLf8WUiyNEtQjuu5G5vTm06TEv9tsIgeAvK8hOrP4k=
gopkg.in/yaml.v2 v2.2.2/go.mod h1:hI93XBmqTisBFMUTm0b8Fm+jr3Dg1NNxqwp+5A1VGuI=
gopkg.in/yaml.v2 v2.2.8/go.mod h1:hI93XBmqTisBFMUTm0b8Fm+jr3Dg1NNxqwp+5A1VGuI=
gopkg.in/yaml.v2 v2.4.0 h1:D8xgwECY7CYvx+Y2n4sBz93Jn9JRvxdiyyo8CTfuKaY=
gopkg.in/yaml.v2 v2.4.0/go.mod h1:RDklbk79AGWmwhnvt/jBztapEOGDOx6ZbXqjP6csGnQ=
gopkg.in/yaml.v3 v3.0.0-20200313102051-9f266ea9e77c/go.mod h1:K4uyk7z7BCEPqu6E+C64Yfv1cQ7kz7rIZviUmN+EgEM=
gopkg.in/yaml.v3 v3.0.1 h1:fxVm/GzAzEWqLHuvctI91KS9hhNmmWOoWu0XTYJS7CA=
gopkg.in/yaml.v3 v3.0.1/go.mod h1:K4uyk7z7BCEPqu6E+C64Yfv1cQ7kz7rIZviUmN+EgEM=
nhooyr.io/websocket v1.8.11 h1:f/qXNc2/3DpoSZkHt1DQu6rj4zGC8JmkkLkWss0MgN0=
nhooyr.io/websocket v1.8.11/go.mod h1:rN9OFWIUwuxg4fR5tELlYC04bXYowCP9GX47ivo2l+c=
